// !$*UTF8*$!
{
	archiveVersion = 1;
	classes = {
	};
	objectVersion = 46;
	objects = {

/* Begin PBXBuildFile section */
		A60BBAAA154213AB005E8EF0 /* libz.dylib in Frameworks */ = {isa = PBXBuildFile; fileRef = A687B48C1520D1D8004F08B0 /* libz.dylib */; };
		A60BBAAD1545FA3B005E8EF0 /* CompanionMapViewController.m in Sources */ = {isa = PBXBuildFile; fileRef = A60BBAAC1545FA3B005E8EF0 /* CompanionMapViewController.m */; };
		A60BBAAF15473F83005E8EF0 /* point.gpx in Resources */ = {isa = PBXBuildFile; fileRef = A60BBAAE15473F83005E8EF0 /* point.gpx */; };
		A60BBAB215484793005E8EF0 /* MainMapViewController.m in Sources */ = {isa = PBXBuildFile; fileRef = A60BBAB115484793005E8EF0 /* MainMapViewController.m */; };
		A627BA86152DF6CA0056A670 /* VistaCellNote.m in Sources */ = {isa = PBXBuildFile; fileRef = A627BA85152DF6CA0056A670 /* VistaCellNote.m */; };
		A627BAB0152E4BCB0056A670 /* black_gradient.png in Resources */ = {isa = PBXBuildFile; fileRef = A627BAAD152E4BC80056A670 /* black_gradient.png */; };
		A627BAB1152E4BCB0056A670 /* create_hike_btn2x.png in Resources */ = {isa = PBXBuildFile; fileRef = A627BAAE152E4BC80056A670 /* create_hike_btn2x.png */; };
		A627BAB2152E4BCB0056A670 /* create_hike_on_btn2x.png in Resources */ = {isa = PBXBuildFile; fileRef = A627BAAF152E4BCA0056A670 /* create_hike_on_btn2x.png */; };
		A627BAB7152E4BE90056A670 /* search_hike_btn2x.png in Resources */ = {isa = PBXBuildFile; fileRef = A627BAB3152E4BE50056A670 /* search_hike_btn2x.png */; };
		A627BAB8152E4BE90056A670 /* search_hike_on_btn2x.png in Resources */ = {isa = PBXBuildFile; fileRef = A627BAB4152E4BE60056A670 /* search_hike_on_btn2x.png */; };
		A627BAB9152E4BE90056A670 /* search_hike_btn.png in Resources */ = {isa = PBXBuildFile; fileRef = A627BAB5152E4BE70056A670 /* search_hike_btn.png */; };
		A627BABA152E4BE90056A670 /* create_hike_btn.png in Resources */ = {isa = PBXBuildFile; fileRef = A627BAB6152E4BE80056A670 /* create_hike_btn.png */; };
		A627BABD152E4BF20056A670 /* search_hike_on_btn.png in Resources */ = {isa = PBXBuildFile; fileRef = A627BABB152E4BF00056A670 /* search_hike_on_btn.png */; };
		A627BABE152E4BF20056A670 /* create_hike_on_btn.png in Resources */ = {isa = PBXBuildFile; fileRef = A627BABC152E4BF10056A670 /* create_hike_on_btn.png */; };
		A64C9408152E4CCA0090BD0D /* ScenicVista.m in Sources */ = {isa = PBXBuildFile; fileRef = A64C9404152E4CCA0090BD0D /* ScenicVista.m */; };
		A64C9409152E4CCA0090BD0D /* Hike.m in Sources */ = {isa = PBXBuildFile; fileRef = A64C9406152E4CCA0090BD0D /* Hike.m */; };
		A64C941A152E4CED0090BD0D /* HikeDetailsViewController.m in Sources */ = {isa = PBXBuildFile; fileRef = A64C940C152E4CED0090BD0D /* HikeDetailsViewController.m */; };
		A64C941D152E4CED0090BD0D /* SearchResultsController.m in Sources */ = {isa = PBXBuildFile; fileRef = A64C9410152E4CED0090BD0D /* SearchResultsController.m */; };
		A64C941E152E4CED0090BD0D /* HikesListViewController.m in Sources */ = {isa = PBXBuildFile; fileRef = A64C9415152E4CED0090BD0D /* HikesListViewController.m */; };
		A64C941F152E4CED0090BD0D /* ViewOrHikeViewController.m in Sources */ = {isa = PBXBuildFile; fileRef = A64C9417152E4CED0090BD0D /* ViewOrHikeViewController.m */; };
		A67D3D5115126D5C00391EE5 /* UIKit.framework in Frameworks */ = {isa = PBXBuildFile; fileRef = A67D3D5015126D5C00391EE5 /* UIKit.framework */; };
		A67D3D5315126D5C00391EE5 /* Foundation.framework in Frameworks */ = {isa = PBXBuildFile; fileRef = A67D3D5215126D5C00391EE5 /* Foundation.framework */; };
		A67D3D5515126D5C00391EE5 /* CoreGraphics.framework in Frameworks */ = {isa = PBXBuildFile; fileRef = A67D3D5415126D5C00391EE5 /* CoreGraphics.framework */; };
		A67D3D5B15126D5C00391EE5 /* InfoPlist.strings in Resources */ = {isa = PBXBuildFile; fileRef = A67D3D5915126D5C00391EE5 /* InfoPlist.strings */; };
		A67D3D5D15126D5C00391EE5 /* main.m in Sources */ = {isa = PBXBuildFile; fileRef = A67D3D5C15126D5C00391EE5 /* main.m */; };
		A67D3D6115126D5C00391EE5 /* AppDelegate.m in Sources */ = {isa = PBXBuildFile; fileRef = A67D3D6015126D5C00391EE5 /* AppDelegate.m */; };
		A67D3D6415126D5C00391EE5 /* MainStoryboard_iPhone.storyboard in Resources */ = {isa = PBXBuildFile; fileRef = A67D3D6215126D5C00391EE5 /* MainStoryboard_iPhone.storyboard */; };
		A67D3D6715126D5C00391EE5 /* MainStoryboard_iPad.storyboard in Resources */ = {isa = PBXBuildFile; fileRef = A67D3D6515126D5C00391EE5 /* MainStoryboard_iPad.storyboard */; };
		A67D3D791512998400391EE5 /* MapKit.framework in Frameworks */ = {isa = PBXBuildFile; fileRef = A67D3D781512998400391EE5 /* MapKit.framework */; };
		A67D3D7D15139AD100391EE5 /* CreditsViewController.m in Sources */ = {isa = PBXBuildFile; fileRef = A67D3D7C15139AD100391EE5 /* CreditsViewController.m */; };
		A67D3D8B1513AD8E00391EE5 /* SearchTableViewCell.m in Sources */ = {isa = PBXBuildFile; fileRef = A67D3D8A1513AD8E00391EE5 /* SearchTableViewCell.m */; };
		A687B4871520C2E7004F08B0 /* GetDirectionsDelegate.m in Sources */ = {isa = PBXBuildFile; fileRef = A687B4861520C2E6004F08B0 /* GetDirectionsDelegate.m */; };
		A6984D9A152F6EF7005934C4 /* MapViewController.m in Sources */ = {isa = PBXBuildFile; fileRef = A6984D9B152F6EF7005934C4 /* MapViewController.m */; };
		A6984DA0152F74EE005934C4 /* SearchViewController.m in Sources */ = {isa = PBXBuildFile; fileRef = A6984DA1152F74EE005934C4 /* SearchViewController.m */; };
		A6AB117815265FB20002D9EE /* hike_it_btn.png in Resources */ = {isa = PBXBuildFile; fileRef = A6AB117415265FB10002D9EE /* hike_it_btn.png */; };
		A6AB117915265FB20002D9EE /* titlebar_logo2x.png in Resources */ = {isa = PBXBuildFile; fileRef = A6AB117515265FB10002D9EE /* titlebar_logo2x.png */; };
		A6AB117A15265FB20002D9EE /* titlebar_logo.png in Resources */ = {isa = PBXBuildFile; fileRef = A6AB117615265FB20002D9EE /* titlebar_logo.png */; };
		A6AB117C1526603A0002D9EE /* view_it_btn.png in Resources */ = {isa = PBXBuildFile; fileRef = A6AB117B1526603A0002D9EE /* view_it_btn.png */; };
		A6D966331534D18F00255CC3 /* NoteModalController.m in Sources */ = {isa = PBXBuildFile; fileRef = A6D966321534D18F00255CC3 /* NoteModalController.m */; };
		A6D9663D1534E54600255CC3 /* MessageUI.framework in Frameworks */ = {isa = PBXBuildFile; fileRef = A6D9663C1534E54500255CC3 /* MessageUI.framework */; };
		A6D966401535EE5500255CC3 /* TextModalController.m in Sources */ = {isa = PBXBuildFile; fileRef = A6D9663F1535EE5500255CC3 /* TextModalController.m */; };
		A6D9664B153766BD00255CC3 /* ImageLoader.m in Sources */ = {isa = PBXBuildFile; fileRef = A6D9664A153766BC00255CC3 /* ImageLoader.m */; };
		A6D9664E1538894A00255CC3 /* UploadHikeDelegate.m in Sources */ = {isa = PBXBuildFile; fileRef = A6D9664D1538894900255CC3 /* UploadHikeDelegate.m */; };
		A6D966511538C65400255CC3 /* UploadHikeController.m in Sources */ = {isa = PBXBuildFile; fileRef = A6D966501538C65400255CC3 /* UploadHikeController.m */; };
		A6D9665F1540B27D00255CC3 /* RewalkHikeDelegate.m in Sources */ = {isa = PBXBuildFile; fileRef = A6D9665E1540B27D00255CC3 /* RewalkHikeDelegate.m */; };
		A6EDACD71513D489000AFB60 /* CoreLocation.framework in Frameworks */ = {isa = PBXBuildFile; fileRef = A6EDACD61513D489000AFB60 /* CoreLocation.framework */; };
		E1C0D524152DC7C0009A1F8D /* VistaCellPhoto.m in Sources */ = {isa = PBXBuildFile; fileRef = E1C0D523152DC7C0009A1F8D /* VistaCellPhoto.m */; };
		E1C0D527152DC970009A1F8D /* VistaCell.m in Sources */ = {isa = PBXBuildFile; fileRef = E1C0D526152DC970009A1F8D /* VistaCell.m */; };
/* End PBXBuildFile section */

/* Begin PBXFileReference section */
		A60BBAAB1545FA3B005E8EF0 /* CompanionMapViewController.h */ = {isa = PBXFileReference; fileEncoding = 4; lastKnownFileType = sourcecode.c.h; name = CompanionMapViewController.h; path = "View Controllers/CompanionMapViewController.h"; sourceTree = "<group>"; };
		A60BBAAC1545FA3B005E8EF0 /* CompanionMapViewController.m */ = {isa = PBXFileReference; fileEncoding = 4; lastKnownFileType = sourcecode.c.objc; name = CompanionMapViewController.m; path = "View Controllers/CompanionMapViewController.m"; sourceTree = "<group>"; };
		A60BBAAE15473F83005E8EF0 /* point.gpx */ = {isa = PBXFileReference; fileEncoding = 4; lastKnownFileType = text.xml; path = point.gpx; sourceTree = "<group>"; };
		A60BBAB015484793005E8EF0 /* MainMapViewController.h */ = {isa = PBXFileReference; fileEncoding = 4; lastKnownFileType = sourcecode.c.h; name = MainMapViewController.h; path = "View Controllers/MainMapViewController.h"; sourceTree = "<group>"; };
		A60BBAB115484793005E8EF0 /* MainMapViewController.m */ = {isa = PBXFileReference; fileEncoding = 4; lastKnownFileType = sourcecode.c.objc; name = MainMapViewController.m; path = "View Controllers/MainMapViewController.m"; sourceTree = "<group>"; };
		A627BA84152DF6CA0056A670 /* VistaCellNote.h */ = {isa = PBXFileReference; fileEncoding = 4; lastKnownFileType = sourcecode.c.h; path = VistaCellNote.h; sourceTree = "<group>"; };
		A627BA85152DF6CA0056A670 /* VistaCellNote.m */ = {isa = PBXFileReference; fileEncoding = 4; lastKnownFileType = sourcecode.c.objc; path = VistaCellNote.m; sourceTree = "<group>"; };
		A627BAAD152E4BC80056A670 /* black_gradient.png */ = {isa = PBXFileReference; lastKnownFileType = image.png; name = black_gradient.png; path = Assets/black_gradient.png; sourceTree = "<group>"; };
		A627BAAE152E4BC80056A670 /* create_hike_btn2x.png */ = {isa = PBXFileReference; lastKnownFileType = image.png; name = create_hike_btn2x.png; path = Assets/create_hike_btn2x.png; sourceTree = "<group>"; };
		A627BAAF152E4BCA0056A670 /* create_hike_on_btn2x.png */ = {isa = PBXFileReference; lastKnownFileType = image.png; name = create_hike_on_btn2x.png; path = Assets/create_hike_on_btn2x.png; sourceTree = "<group>"; };
		A627BAB3152E4BE50056A670 /* search_hike_btn2x.png */ = {isa = PBXFileReference; lastKnownFileType = image.png; name = search_hike_btn2x.png; path = Assets/search_hike_btn2x.png; sourceTree = "<group>"; };
		A627BAB4152E4BE60056A670 /* search_hike_on_btn2x.png */ = {isa = PBXFileReference; lastKnownFileType = image.png; name = search_hike_on_btn2x.png; path = Assets/search_hike_on_btn2x.png; sourceTree = "<group>"; };
		A627BAB5152E4BE70056A670 /* search_hike_btn.png */ = {isa = PBXFileReference; lastKnownFileType = image.png; name = search_hike_btn.png; path = Assets/search_hike_btn.png; sourceTree = "<group>"; };
		A627BAB6152E4BE80056A670 /* create_hike_btn.png */ = {isa = PBXFileReference; lastKnownFileType = image.png; name = create_hike_btn.png; path = Assets/create_hike_btn.png; sourceTree = "<group>"; };
		A627BABB152E4BF00056A670 /* search_hike_on_btn.png */ = {isa = PBXFileReference; lastKnownFileType = image.png; name = search_hike_on_btn.png; path = Assets/search_hike_on_btn.png; sourceTree = "<group>"; };
		A627BABC152E4BF10056A670 /* create_hike_on_btn.png */ = {isa = PBXFileReference; lastKnownFileType = image.png; name = create_hike_on_btn.png; path = Assets/create_hike_on_btn.png; sourceTree = "<group>"; };
		A64C9404152E4CCA0090BD0D /* ScenicVista.m */ = {isa = PBXFileReference; fileEncoding = 4; lastKnownFileType = sourcecode.c.objc; name = ScenicVista.m; path = Models/ScenicVista.m; sourceTree = "<group>"; };
		A64C9405152E4CCA0090BD0D /* ScenicVista.h */ = {isa = PBXFileReference; fileEncoding = 4; lastKnownFileType = sourcecode.c.h; name = ScenicVista.h; path = Models/ScenicVista.h; sourceTree = "<group>"; };
		A64C9406152E4CCA0090BD0D /* Hike.m */ = {isa = PBXFileReference; fileEncoding = 4; lastKnownFileType = sourcecode.c.objc; name = Hike.m; path = Models/Hike.m; sourceTree = "<group>"; };
		A64C9407152E4CCA0090BD0D /* Hike.h */ = {isa = PBXFileReference; fileEncoding = 4; lastKnownFileType = sourcecode.c.h; name = Hike.h; path = Models/Hike.h; sourceTree = "<group>"; };
		A64C940C152E4CED0090BD0D /* HikeDetailsViewController.m */ = {isa = PBXFileReference; fileEncoding = 4; lastKnownFileType = sourcecode.c.objc; name = HikeDetailsViewController.m; path = "View Controllers/HikeDetailsViewController.m"; sourceTree = "<group>"; };
		A64C940E152E4CED0090BD0D /* HikeDetailsViewController.h */ = {isa = PBXFileReference; fileEncoding = 4; lastKnownFileType = sourcecode.c.h; name = HikeDetailsViewController.h; path = "View Controllers/HikeDetailsViewController.h"; sourceTree = "<group>"; };
		A64C9410152E4CED0090BD0D /* SearchResultsController.m */ = {isa = PBXFileReference; fileEncoding = 4; lastKnownFileType = sourcecode.c.objc; name = SearchResultsController.m; path = "View Controllers/SearchResultsController.m"; sourceTree = "<group>"; };
		A64C9412152E4CED0090BD0D /* SearchResultsController.h */ = {isa = PBXFileReference; fileEncoding = 4; lastKnownFileType = sourcecode.c.h; name = SearchResultsController.h; path = "View Controllers/SearchResultsController.h"; sourceTree = "<group>"; };
		A64C9413152E4CED0090BD0D /* SearchViewController.h */ = {isa = PBXFileReference; fileEncoding = 4; lastKnownFileType = sourcecode.c.h; name = SearchViewController.h; path = "View Controllers/SearchViewController.h"; sourceTree = "<group>"; };
		A64C9414152E4CED0090BD0D /* MapViewController.h */ = {isa = PBXFileReference; fileEncoding = 4; lastKnownFileType = sourcecode.c.h; name = MapViewController.h; path = "View Controllers/MapViewController.h"; sourceTree = "<group>"; };
		A64C9415152E4CED0090BD0D /* HikesListViewController.m */ = {isa = PBXFileReference; fileEncoding = 4; lastKnownFileType = sourcecode.c.objc; name = HikesListViewController.m; path = "View Controllers/HikesListViewController.m"; sourceTree = "<group>"; };
		A64C9416152E4CED0090BD0D /* HikesListViewController.h */ = {isa = PBXFileReference; fileEncoding = 4; lastKnownFileType = sourcecode.c.h; name = HikesListViewController.h; path = "View Controllers/HikesListViewController.h"; sourceTree = "<group>"; };
		A64C9417152E4CED0090BD0D /* ViewOrHikeViewController.m */ = {isa = PBXFileReference; fileEncoding = 4; lastKnownFileType = sourcecode.c.objc; name = ViewOrHikeViewController.m; path = "View Controllers/ViewOrHikeViewController.m"; sourceTree = "<group>"; };
		A64C9418152E4CED0090BD0D /* ViewOrHikeViewController.h */ = {isa = PBXFileReference; fileEncoding = 4; lastKnownFileType = sourcecode.c.h; name = ViewOrHikeViewController.h; path = "View Controllers/ViewOrHikeViewController.h"; sourceTree = "<group>"; };
		A67D3D4C15126D5C00391EE5 /* IHPlus.app */ = {isa = PBXFileReference; explicitFileType = wrapper.application; includeInIndex = 0; path = IHPlus.app; sourceTree = BUILT_PRODUCTS_DIR; };
		A67D3D5015126D5C00391EE5 /* UIKit.framework */ = {isa = PBXFileReference; lastKnownFileType = wrapper.framework; name = UIKit.framework; path = System/Library/Frameworks/UIKit.framework; sourceTree = SDKROOT; };
		A67D3D5215126D5C00391EE5 /* Foundation.framework */ = {isa = PBXFileReference; lastKnownFileType = wrapper.framework; name = Foundation.framework; path = System/Library/Frameworks/Foundation.framework; sourceTree = SDKROOT; };
		A67D3D5415126D5C00391EE5 /* CoreGraphics.framework */ = {isa = PBXFileReference; lastKnownFileType = wrapper.framework; name = CoreGraphics.framework; path = System/Library/Frameworks/CoreGraphics.framework; sourceTree = SDKROOT; };
		A67D3D5815126D5C00391EE5 /* IHPlus-Info.plist */ = {isa = PBXFileReference; lastKnownFileType = text.plist.xml; path = "IHPlus-Info.plist"; sourceTree = "<group>"; };
		A67D3D5A15126D5C00391EE5 /* en */ = {isa = PBXFileReference; lastKnownFileType = text.plist.strings; name = en; path = en.lproj/InfoPlist.strings; sourceTree = "<group>"; };
		A67D3D5C15126D5C00391EE5 /* main.m */ = {isa = PBXFileReference; lastKnownFileType = sourcecode.c.objc; path = main.m; sourceTree = "<group>"; };
		A67D3D5E15126D5C00391EE5 /* IHPlus-Prefix.pch */ = {isa = PBXFileReference; lastKnownFileType = sourcecode.c.h; path = "IHPlus-Prefix.pch"; sourceTree = "<group>"; };
		A67D3D5F15126D5C00391EE5 /* AppDelegate.h */ = {isa = PBXFileReference; lastKnownFileType = sourcecode.c.h; path = AppDelegate.h; sourceTree = "<group>"; };
		A67D3D6015126D5C00391EE5 /* AppDelegate.m */ = {isa = PBXFileReference; lastKnownFileType = sourcecode.c.objc; path = AppDelegate.m; sourceTree = "<group>"; };
		A67D3D6315126D5C00391EE5 /* en */ = {isa = PBXFileReference; lastKnownFileType = file.storyboard; name = en; path = en.lproj/MainStoryboard_iPhone.storyboard; sourceTree = "<group>"; };
		A67D3D6615126D5C00391EE5 /* en */ = {isa = PBXFileReference; lastKnownFileType = file.storyboard; name = en; path = en.lproj/MainStoryboard_iPad.storyboard; sourceTree = "<group>"; };
		A67D3D781512998400391EE5 /* MapKit.framework */ = {isa = PBXFileReference; lastKnownFileType = wrapper.framework; name = MapKit.framework; path = System/Library/Frameworks/MapKit.framework; sourceTree = SDKROOT; };
		A67D3D7B15139AD100391EE5 /* CreditsViewController.h */ = {isa = PBXFileReference; fileEncoding = 4; lastKnownFileType = sourcecode.c.h; path = CreditsViewController.h; sourceTree = "<group>"; };
		A67D3D7C15139AD100391EE5 /* CreditsViewController.m */ = {isa = PBXFileReference; fileEncoding = 4; lastKnownFileType = sourcecode.c.objc; path = CreditsViewController.m; sourceTree = "<group>"; };
		A67D3D891513AD8E00391EE5 /* SearchTableViewCell.h */ = {isa = PBXFileReference; fileEncoding = 4; lastKnownFileType = sourcecode.c.h; path = SearchTableViewCell.h; sourceTree = "<group>"; };
		A67D3D8A1513AD8E00391EE5 /* SearchTableViewCell.m */ = {isa = PBXFileReference; fileEncoding = 4; lastKnownFileType = sourcecode.c.objc; path = SearchTableViewCell.m; sourceTree = "<group>"; };
		A687B4851520C2E5004F08B0 /* GetDirectionsDelegate.h */ = {isa = PBXFileReference; fileEncoding = 4; lastKnownFileType = sourcecode.c.h; path = GetDirectionsDelegate.h; sourceTree = "<group>"; };
		A687B4861520C2E6004F08B0 /* GetDirectionsDelegate.m */ = {isa = PBXFileReference; fileEncoding = 4; lastKnownFileType = sourcecode.c.objc; path = GetDirectionsDelegate.m; sourceTree = "<group>"; };
		A687B48C1520D1D8004F08B0 /* libz.dylib */ = {isa = PBXFileReference; lastKnownFileType = "compiled.mach-o.dylib"; name = libz.dylib; path = usr/lib/libz.dylib; sourceTree = SDKROOT; };
		A6984D9B152F6EF7005934C4 /* MapViewController.m */ = {isa = PBXFileReference; lastKnownFileType = sourcecode.c.objc; name = MapViewController.m; path = "View Controllers/MapViewController.m"; sourceTree = "<group>"; };
		A6984DA1152F74EE005934C4 /* SearchViewController.m */ = {isa = PBXFileReference; lastKnownFileType = sourcecode.c.objc; name = SearchViewController.m; path = "View Controllers/SearchViewController.m"; sourceTree = "<group>"; };
		A6AB117415265FB10002D9EE /* hike_it_btn.png */ = {isa = PBXFileReference; lastKnownFileType = image.png; name = hike_it_btn.png; path = Assets/hike_it_btn.png; sourceTree = "<group>"; };
		A6AB117515265FB10002D9EE /* titlebar_logo2x.png */ = {isa = PBXFileReference; lastKnownFileType = image.png; name = titlebar_logo2x.png; path = Assets/titlebar_logo2x.png; sourceTree = "<group>"; };
		A6AB117615265FB20002D9EE /* titlebar_logo.png */ = {isa = PBXFileReference; lastKnownFileType = image.png; name = titlebar_logo.png; path = Assets/titlebar_logo.png; sourceTree = "<group>"; };
		A6AB117B1526603A0002D9EE /* view_it_btn.png */ = {isa = PBXFileReference; lastKnownFileType = image.png; name = view_it_btn.png; path = Assets/view_it_btn.png; sourceTree = "<group>"; };
		A6D9662815335FFF00255CC3 /* sample_hike.gpx */ = {isa = PBXFileReference; lastKnownFileType = text.xml; name = sample_hike.gpx; path = IHPlus/sample_hike.gpx; sourceTree = "<group>"; };
		A6D966311534D18F00255CC3 /* NoteModalController.h */ = {isa = PBXFileReference; fileEncoding = 4; lastKnownFileType = sourcecode.c.h; name = NoteModalController.h; path = "View Controllers/NoteModalController.h"; sourceTree = "<group>"; };
		A6D966321534D18F00255CC3 /* NoteModalController.m */ = {isa = PBXFileReference; fileEncoding = 4; lastKnownFileType = sourcecode.c.objc; name = NoteModalController.m; path = "View Controllers/NoteModalController.m"; sourceTree = "<group>"; };
		A6D9663C1534E54500255CC3 /* MessageUI.framework */ = {isa = PBXFileReference; lastKnownFileType = wrapper.framework; name = MessageUI.framework; path = System/Library/Frameworks/MessageUI.framework; sourceTree = SDKROOT; };
		A6D9663E1535EE5400255CC3 /* TextModalController.h */ = {isa = PBXFileReference; fileEncoding = 4; lastKnownFileType = sourcecode.c.h; name = TextModalController.h; path = "View Controllers/TextModalController.h"; sourceTree = "<group>"; };
		A6D9663F1535EE5500255CC3 /* TextModalController.m */ = {isa = PBXFileReference; fileEncoding = 4; lastKnownFileType = sourcecode.c.objc; name = TextModalController.m; path = "View Controllers/TextModalController.m"; sourceTree = "<group>"; };
		A6D96649153766BB00255CC3 /* ImageLoader.h */ = {isa = PBXFileReference; fileEncoding = 4; lastKnownFileType = sourcecode.c.h; path = ImageLoader.h; sourceTree = "<group>"; };
		A6D9664A153766BC00255CC3 /* ImageLoader.m */ = {isa = PBXFileReference; fileEncoding = 4; lastKnownFileType = sourcecode.c.objc; path = ImageLoader.m; sourceTree = "<group>"; };
		A6D9664C1538894800255CC3 /* UploadHikeDelegate.h */ = {isa = PBXFileReference; fileEncoding = 4; lastKnownFileType = sourcecode.c.h; path = UploadHikeDelegate.h; sourceTree = "<group>"; };
		A6D9664D1538894900255CC3 /* UploadHikeDelegate.m */ = {isa = PBXFileReference; fileEncoding = 4; lastKnownFileType = sourcecode.c.objc; path = UploadHikeDelegate.m; sourceTree = "<group>"; };
		A6D9664F1538C65300255CC3 /* UploadHikeController.h */ = {isa = PBXFileReference; fileEncoding = 4; lastKnownFileType = sourcecode.c.h; name = UploadHikeController.h; path = "View Controllers/UploadHikeController.h"; sourceTree = "<group>"; };
		A6D966501538C65400255CC3 /* UploadHikeController.m */ = {isa = PBXFileReference; fileEncoding = 4; lastKnownFileType = sourcecode.c.objc; name = UploadHikeController.m; path = "View Controllers/UploadHikeController.m"; sourceTree = "<group>"; };
		A6D9665D1540B27D00255CC3 /* RewalkHikeDelegate.h */ = {isa = PBXFileReference; fileEncoding = 4; lastKnownFileType = sourcecode.c.h; path = RewalkHikeDelegate.h; sourceTree = "<group>"; };
		A6D9665E1540B27D00255CC3 /* RewalkHikeDelegate.m */ = {isa = PBXFileReference; fileEncoding = 4; lastKnownFileType = sourcecode.c.objc; path = RewalkHikeDelegate.m; sourceTree = "<group>"; };
		A6EDACD61513D489000AFB60 /* CoreLocation.framework */ = {isa = PBXFileReference; lastKnownFileType = wrapper.framework; name = CoreLocation.framework; path = System/Library/Frameworks/CoreLocation.framework; sourceTree = SDKROOT; };
		E1C0D522152DC7C0009A1F8D /* VistaCellPhoto.h */ = {isa = PBXFileReference; fileEncoding = 4; lastKnownFileType = sourcecode.c.h; path = VistaCellPhoto.h; sourceTree = "<group>"; };
		E1C0D523152DC7C0009A1F8D /* VistaCellPhoto.m */ = {isa = PBXFileReference; fileEncoding = 4; lastKnownFileType = sourcecode.c.objc; path = VistaCellPhoto.m; sourceTree = "<group>"; };
		E1C0D525152DC970009A1F8D /* VistaCell.h */ = {isa = PBXFileReference; fileEncoding = 4; lastKnownFileType = sourcecode.c.h; path = VistaCell.h; sourceTree = "<group>"; };
		E1C0D526152DC970009A1F8D /* VistaCell.m */ = {isa = PBXFileReference; fileEncoding = 4; lastKnownFileType = sourcecode.c.objc; path = VistaCell.m; sourceTree = "<group>"; };
/* End PBXFileReference section */

/* Begin PBXFrameworksBuildPhase section */
		A67D3D4915126D5C00391EE5 /* Frameworks */ = {
			isa = PBXFrameworksBuildPhase;
			buildActionMask = 2147483647;
			files = (
				A60BBAAA154213AB005E8EF0 /* libz.dylib in Frameworks */,
				A6D9663D1534E54600255CC3 /* MessageUI.framework in Frameworks */,
				A6EDACD71513D489000AFB60 /* CoreLocation.framework in Frameworks */,
				A67D3D791512998400391EE5 /* MapKit.framework in Frameworks */,
				A67D3D5115126D5C00391EE5 /* UIKit.framework in Frameworks */,
				A67D3D5315126D5C00391EE5 /* Foundation.framework in Frameworks */,
				A67D3D5515126D5C00391EE5 /* CoreGraphics.framework in Frameworks */,
			);
			runOnlyForDeploymentPostprocessing = 0;
		};
/* End PBXFrameworksBuildPhase section */

/* Begin PBXGroup section */
		A67D3D4115126D5C00391EE5 = {
			isa = PBXGroup;
			children = (
				A60BBAAE15473F83005E8EF0 /* point.gpx */,
				A6D9663C1534E54500255CC3 /* MessageUI.framework */,
				A6D9662815335FFF00255CC3 /* sample_hike.gpx */,
				A687B48C1520D1D8004F08B0 /* libz.dylib */,
				A6EDACD61513D489000AFB60 /* CoreLocation.framework */,
				A67D3D781512998400391EE5 /* MapKit.framework */,
				A67D3D5615126D5C00391EE5 /* IHPlus */,
				A67D3D4F15126D5C00391EE5 /* Frameworks */,
				A67D3D4D15126D5C00391EE5 /* Products */,
			);
			sourceTree = "<group>";
		};
		A67D3D4D15126D5C00391EE5 /* Products */ = {
			isa = PBXGroup;
			children = (
				A67D3D4C15126D5C00391EE5 /* IHPlus.app */,
			);
			name = Products;
			sourceTree = "<group>";
		};
		A67D3D4F15126D5C00391EE5 /* Frameworks */ = {
			isa = PBXGroup;
			children = (
				A67D3D5015126D5C00391EE5 /* UIKit.framework */,
				A67D3D5215126D5C00391EE5 /* Foundation.framework */,
				A67D3D5415126D5C00391EE5 /* CoreGraphics.framework */,
			);
			name = Frameworks;
			sourceTree = "<group>";
		};
		A67D3D5615126D5C00391EE5 /* IHPlus */ = {
			isa = PBXGroup;
			children = (
				A6D9665C1540B24C00255CC3 /* Delegates */,
				A687B46D151A486A004F08B0 /* Resources */,
				A6EDACDC1513E837000AFB60 /* Models */,
				A67D3D7A1513984600391EE5 /* ViewControllers */,
				A67D3D5F15126D5C00391EE5 /* AppDelegate.h */,
				A67D3D6015126D5C00391EE5 /* AppDelegate.m */,
				A67D3D6215126D5C00391EE5 /* MainStoryboard_iPhone.storyboard */,
				A67D3D6515126D5C00391EE5 /* MainStoryboard_iPad.storyboard */,
				A67D3D5715126D5C00391EE5 /* Supporting Files */,
				A67D3D891513AD8E00391EE5 /* SearchTableViewCell.h */,
				A67D3D8A1513AD8E00391EE5 /* SearchTableViewCell.m */,
				E1C0D522152DC7C0009A1F8D /* VistaCellPhoto.h */,
				E1C0D523152DC7C0009A1F8D /* VistaCellPhoto.m */,
				E1C0D525152DC970009A1F8D /* VistaCell.h */,
				E1C0D526152DC970009A1F8D /* VistaCell.m */,
				A627BA84152DF6CA0056A670 /* VistaCellNote.h */,
				A627BA85152DF6CA0056A670 /* VistaCellNote.m */,
				A6D96649153766BB00255CC3 /* ImageLoader.h */,
				A6D9664A153766BC00255CC3 /* ImageLoader.m */,
			);
			path = IHPlus;
			sourceTree = "<group>";
		};
		A67D3D5715126D5C00391EE5 /* Supporting Files */ = {
			isa = PBXGroup;
			children = (
				A67D3D5815126D5C00391EE5 /* IHPlus-Info.plist */,
				A67D3D5915126D5C00391EE5 /* InfoPlist.strings */,
				A67D3D5C15126D5C00391EE5 /* main.m */,
				A67D3D5E15126D5C00391EE5 /* IHPlus-Prefix.pch */,
			);
			name = "Supporting Files";
			sourceTree = "<group>";
		};
		A67D3D7A1513984600391EE5 /* ViewControllers */ = {
			isa = PBXGroup;
			children = (
				A60BBAB015484793005E8EF0 /* MainMapViewController.h */,
				A60BBAB115484793005E8EF0 /* MainMapViewController.m */,
				A64C9414152E4CED0090BD0D /* MapViewController.h */,
				A6984D9B152F6EF7005934C4 /* MapViewController.m */,
				A60BBAAB1545FA3B005E8EF0 /* CompanionMapViewController.h */,
				A60BBAAC1545FA3B005E8EF0 /* CompanionMapViewController.m */,
				A64C940E152E4CED0090BD0D /* HikeDetailsViewController.h */,
				A64C940C152E4CED0090BD0D /* HikeDetailsViewController.m */,
				A64C9413152E4CED0090BD0D /* SearchViewController.h */,
				A6984DA1152F74EE005934C4 /* SearchViewController.m */,
				A64C9412152E4CED0090BD0D /* SearchResultsController.h */,
				A64C9410152E4CED0090BD0D /* SearchResultsController.m */,
				A64C9415152E4CED0090BD0D /* HikesListViewController.m */,
				A64C9416152E4CED0090BD0D /* HikesListViewController.h */,
				A64C9417152E4CED0090BD0D /* ViewOrHikeViewController.m */,
				A64C9418152E4CED0090BD0D /* ViewOrHikeViewController.h */,
				A67D3D7B15139AD100391EE5 /* CreditsViewController.h */,
				A67D3D7C15139AD100391EE5 /* CreditsViewController.m */,
				A6D966311534D18F00255CC3 /* NoteModalController.h */,
				A6D966321534D18F00255CC3 /* NoteModalController.m */,
				A6D9663E1535EE5400255CC3 /* TextModalController.h */,
				A6D9663F1535EE5500255CC3 /* TextModalController.m */,
				A6D9664F1538C65300255CC3 /* UploadHikeController.h */,
				A6D966501538C65400255CC3 /* UploadHikeController.m */,
			);
			name = ViewControllers;
			sourceTree = "<group>";
		};
		A687B46D151A486A004F08B0 /* Resources */ = {
			isa = PBXGroup;
			children = (
				A627BABB152E4BF00056A670 /* search_hike_on_btn.png */,
				A627BABC152E4BF10056A670 /* create_hike_on_btn.png */,
				A627BAB3152E4BE50056A670 /* search_hike_btn2x.png */,
				A627BAB4152E4BE60056A670 /* search_hike_on_btn2x.png */,
				A627BAB5152E4BE70056A670 /* search_hike_btn.png */,
				A627BAB6152E4BE80056A670 /* create_hike_btn.png */,
				A627BAAD152E4BC80056A670 /* black_gradient.png */,
				A627BAAE152E4BC80056A670 /* create_hike_btn2x.png */,
				A627BAAF152E4BCA0056A670 /* create_hike_on_btn2x.png */,
				A6AB117B1526603A0002D9EE /* view_it_btn.png */,
				A6AB117415265FB10002D9EE /* hike_it_btn.png */,
				A6AB117515265FB10002D9EE /* titlebar_logo2x.png */,
				A6AB117615265FB20002D9EE /* titlebar_logo.png */,
			);
			name = Resources;
			sourceTree = "<group>";
		};
		A6D9665C1540B24C00255CC3 /* Delegates */ = {
			isa = PBXGroup;
			children = (
				A687B4851520C2E5004F08B0 /* GetDirectionsDelegate.h */,
				A687B4861520C2E6004F08B0 /* GetDirectionsDelegate.m */,
				A6D9664C1538894800255CC3 /* UploadHikeDelegate.h */,
				A6D9664D1538894900255CC3 /* UploadHikeDelegate.m */,
				A6D9665D1540B27D00255CC3 /* RewalkHikeDelegate.h */,
				A6D9665E1540B27D00255CC3 /* RewalkHikeDelegate.m */,
			);
			name = Delegates;
			sourceTree = "<group>";
		};
		A6EDACDC1513E837000AFB60 /* Models */ = {
			isa = PBXGroup;
			children = (
				A64C9405152E4CCA0090BD0D /* ScenicVista.h */,
				A64C9404152E4CCA0090BD0D /* ScenicVista.m */,
				A64C9407152E4CCA0090BD0D /* Hike.h */,
				A64C9406152E4CCA0090BD0D /* Hike.m */,
			);
			name = Models;
			sourceTree = "<group>";
		};
/* End PBXGroup section */

/* Begin PBXNativeTarget section */
		A67D3D4B15126D5C00391EE5 /* IHPlus */ = {
			isa = PBXNativeTarget;
			buildConfigurationList = A67D3D6D15126D5C00391EE5 /* Build configuration list for PBXNativeTarget "IHPlus" */;
			buildPhases = (
				A67D3D4815126D5C00391EE5 /* Sources */,
				A67D3D4915126D5C00391EE5 /* Frameworks */,
				A67D3D4A15126D5C00391EE5 /* Resources */,
			);
			buildRules = (
			);
			dependencies = (
			);
			name = IHPlus;
			productName = IHPlus;
			productReference = A67D3D4C15126D5C00391EE5 /* IHPlus.app */;
			productType = "com.apple.product-type.application";
		};
/* End PBXNativeTarget section */

/* Begin PBXProject section */
		A67D3D4315126D5C00391EE5 /* Project object */ = {
			isa = PBXProject;
			attributes = {
				LastUpgradeCheck = 0420;
			};
			buildConfigurationList = A67D3D4615126D5C00391EE5 /* Build configuration list for PBXProject "IHPlus" */;
			compatibilityVersion = "Xcode 3.2";
			developmentRegion = English;
			hasScannedForEncodings = 0;
			knownRegions = (
				en,
			);
			mainGroup = A67D3D4115126D5C00391EE5;
			productRefGroup = A67D3D4D15126D5C00391EE5 /* Products */;
			projectDirPath = "";
			projectRoot = "";
			targets = (
				A67D3D4B15126D5C00391EE5 /* IHPlus */,
			);
		};
/* End PBXProject section */

/* Begin PBXResourcesBuildPhase section */
		A67D3D4A15126D5C00391EE5 /* Resources */ = {
			isa = PBXResourcesBuildPhase;
			buildActionMask = 2147483647;
			files = (
				A67D3D5B15126D5C00391EE5 /* InfoPlist.strings in Resources */,
				A67D3D6415126D5C00391EE5 /* MainStoryboard_iPhone.storyboard in Resources */,
				A67D3D6715126D5C00391EE5 /* MainStoryboard_iPad.storyboard in Resources */,
				A6AB117815265FB20002D9EE /* hike_it_btn.png in Resources */,
				A6AB117915265FB20002D9EE /* titlebar_logo2x.png in Resources */,
				A6AB117A15265FB20002D9EE /* titlebar_logo.png in Resources */,
				A6AB117C1526603A0002D9EE /* view_it_btn.png in Resources */,
				A627BAB0152E4BCB0056A670 /* black_gradient.png in Resources */,
				A627BAB1152E4BCB0056A670 /* create_hike_btn2x.png in Resources */,
				A627BAB2152E4BCB0056A670 /* create_hike_on_btn2x.png in Resources */,
				A627BAB7152E4BE90056A670 /* search_hike_btn2x.png in Resources */,
				A627BAB8152E4BE90056A670 /* search_hike_on_btn2x.png in Resources */,
				A627BAB9152E4BE90056A670 /* search_hike_btn.png in Resources */,
				A627BABA152E4BE90056A670 /* create_hike_btn.png in Resources */,
				A627BABD152E4BF20056A670 /* search_hike_on_btn.png in Resources */,
				A627BABE152E4BF20056A670 /* create_hike_on_btn.png in Resources */,
				A60BBAAF15473F83005E8EF0 /* point.gpx in Resources */,
			);
			runOnlyForDeploymentPostprocessing = 0;
		};
/* End PBXResourcesBuildPhase section */

/* Begin PBXSourcesBuildPhase section */
		A67D3D4815126D5C00391EE5 /* Sources */ = {
			isa = PBXSourcesBuildPhase;
			buildActionMask = 2147483647;
			files = (
				A67D3D5D15126D5C00391EE5 /* main.m in Sources */,
				A67D3D6115126D5C00391EE5 /* AppDelegate.m in Sources */,
				A67D3D7D15139AD100391EE5 /* CreditsViewController.m in Sources */,
				A67D3D8B1513AD8E00391EE5 /* SearchTableViewCell.m in Sources */,
				A687B4871520C2E7004F08B0 /* GetDirectionsDelegate.m in Sources */,
				E1C0D524152DC7C0009A1F8D /* VistaCellPhoto.m in Sources */,
				E1C0D527152DC970009A1F8D /* VistaCell.m in Sources */,
				A627BA86152DF6CA0056A670 /* VistaCellNote.m in Sources */,
				A64C9408152E4CCA0090BD0D /* ScenicVista.m in Sources */,
				A64C9409152E4CCA0090BD0D /* Hike.m in Sources */,
				A6984D9A152F6EF7005934C4 /* MapViewController.m in Sources */,
				A64C941A152E4CED0090BD0D /* HikeDetailsViewController.m in Sources */,
				A6984DA0152F74EE005934C4 /* SearchViewController.m in Sources */,
				A64C941D152E4CED0090BD0D /* SearchResultsController.m in Sources */,
				A64C941E152E4CED0090BD0D /* HikesListViewController.m in Sources */,
				A64C941F152E4CED0090BD0D /* ViewOrHikeViewController.m in Sources */,
				A6D966331534D18F00255CC3 /* NoteModalController.m in Sources */,
				A6D966401535EE5500255CC3 /* TextModalController.m in Sources */,
				A6D9664B153766BD00255CC3 /* ImageLoader.m in Sources */,
				A6D9664E1538894A00255CC3 /* UploadHikeDelegate.m in Sources */,
				A6D966511538C65400255CC3 /* UploadHikeController.m in Sources */,
				A6D9665F1540B27D00255CC3 /* RewalkHikeDelegate.m in Sources */,
				A60BBAAD1545FA3B005E8EF0 /* CompanionMapViewController.m in Sources */,
				A60BBAB215484793005E8EF0 /* MainMapViewController.m in Sources */,
			);
			runOnlyForDeploymentPostprocessing = 0;
		};
/* End PBXSourcesBuildPhase section */

/* Begin PBXVariantGroup section */
		A67D3D5915126D5C00391EE5 /* InfoPlist.strings */ = {
			isa = PBXVariantGroup;
			children = (
				A67D3D5A15126D5C00391EE5 /* en */,
			);
			name = InfoPlist.strings;
			sourceTree = "<group>";
		};
		A67D3D6215126D5C00391EE5 /* MainStoryboard_iPhone.storyboard */ = {
			isa = PBXVariantGroup;
			children = (
				A67D3D6315126D5C00391EE5 /* en */,
			);
			name = MainStoryboard_iPhone.storyboard;
			sourceTree = "<group>";
		};
		A67D3D6515126D5C00391EE5 /* MainStoryboard_iPad.storyboard */ = {
			isa = PBXVariantGroup;
			children = (
				A67D3D6615126D5C00391EE5 /* en */,
			);
			name = MainStoryboard_iPad.storyboard;
			sourceTree = "<group>";
		};
/* End PBXVariantGroup section */

/* Begin XCBuildConfiguration section */
		A67D3D6B15126D5C00391EE5 /* Debug */ = {
			isa = XCBuildConfiguration;
			buildSettings = {
				ALWAYS_SEARCH_USER_PATHS = NO;
				ARCHS = "$(ARCHS_STANDARD_32_BIT)";
				CLANG_ENABLE_OBJC_ARC = YES;
				"CODE_SIGN_IDENTITY[sdk=iphoneos*]" = "iPhone Developer";
				COPY_PHASE_STRIP = NO;
				GCC_C_LANGUAGE_STANDARD = gnu99;
				GCC_DYNAMIC_NO_PIC = NO;
				GCC_OPTIMIZATION_LEVEL = 0;
				GCC_PREPROCESSOR_DEFINITIONS = (
					"DEBUG=1",
					"$(inherited)",
				);
				GCC_SYMBOLS_PRIVATE_EXTERN = NO;
				GCC_VERSION = com.apple.compilers.llvm.clang.1_0;
				GCC_WARN_ABOUT_MISSING_PROTOTYPES = YES;
				GCC_WARN_ABOUT_RETURN_TYPE = YES;
				GCC_WARN_UNUSED_VARIABLE = YES;
				IPHONEOS_DEPLOYMENT_TARGET = 5.0;
				SDKROOT = iphoneos;
				TARGETED_DEVICE_FAMILY = "1,2";
			};
			name = Debug;
		};
		A67D3D6C15126D5C00391EE5 /* Release */ = {
			isa = XCBuildConfiguration;
			buildSettings = {
				ALWAYS_SEARCH_USER_PATHS = NO;
				ARCHS = "$(ARCHS_STANDARD_32_BIT)";
				CLANG_ENABLE_OBJC_ARC = YES;
				"CODE_SIGN_IDENTITY[sdk=iphoneos*]" = "iPhone Developer";
				COPY_PHASE_STRIP = YES;
				GCC_C_LANGUAGE_STANDARD = gnu99;
				GCC_VERSION = com.apple.compilers.llvm.clang.1_0;
				GCC_WARN_ABOUT_MISSING_PROTOTYPES = YES;
				GCC_WARN_ABOUT_RETURN_TYPE = YES;
				GCC_WARN_UNUSED_VARIABLE = YES;
				IPHONEOS_DEPLOYMENT_TARGET = 5.0;
				OTHER_CFLAGS = "-DNS_BLOCK_ASSERTIONS=1";
				SDKROOT = iphoneos;
				TARGETED_DEVICE_FAMILY = "1,2";
				VALIDATE_PRODUCT = YES;
			};
			name = Release;
		};
		A67D3D6E15126D5C00391EE5 /* Debug */ = {
			isa = XCBuildConfiguration;
			buildSettings = {
				FRAMEWORK_SEARCH_PATHS = (
					"$(inherited)",
					"\"$(SRCROOT)\"",
				);
				GCC_PRECOMPILE_PREFIX_HEADER = YES;
				GCC_PREFIX_HEADER = "IHPlus/IHPlus-Prefix.pch";
				INFOPLIST_FILE = "IHPlus/IHPlus-Info.plist";
				IPHONEOS_DEPLOYMENT_TARGET = 5.0;
				LIBRARY_SEARCH_PATHS = "$(inherited)";
				ONLY_ACTIVE_ARCH = NO;
				PRODUCT_NAME = "$(TARGET_NAME)";
				WRAPPER_EXTENSION = app;
			};
			name = Debug;
		};
		A67D3D6F15126D5C00391EE5 /* Release */ = {
			isa = XCBuildConfiguration;
			buildSettings = {
				FRAMEWORK_SEARCH_PATHS = (
					"$(inherited)",
					"\"$(SRCROOT)\"",
				);
				GCC_PRECOMPILE_PREFIX_HEADER = YES;
				GCC_PREFIX_HEADER = "IHPlus/IHPlus-Prefix.pch";
				INFOPLIST_FILE = "IHPlus/IHPlus-Info.plist";
				IPHONEOS_DEPLOYMENT_TARGET = 5.0;
				LIBRARY_SEARCH_PATHS = "$(inherited)";
				ONLY_ACTIVE_ARCH = NO;
				PRODUCT_NAME = "$(TARGET_NAME)";
				WRAPPER_EXTENSION = app;
			};
			name = Release;
		};
/* End XCBuildConfiguration section */

/* Begin XCConfigurationList section */
		A67D3D4615126D5C00391EE5 /* Build configuration list for PBXProject "IHPlus" */ = {
			isa = XCConfigurationList;
			buildConfigurations = (
				A67D3D6B15126D5C00391EE5 /* Debug */,
				A67D3D6C15126D5C00391EE5 /* Release */,
			);
			defaultConfigurationIsVisible = 0;
			defaultConfigurationName = Release;
		};
		A67D3D6D15126D5C00391EE5 /* Build configuration list for PBXNativeTarget "IHPlus" */ = {
			isa = XCConfigurationList;
			buildConfigurations = (
				A67D3D6E15126D5C00391EE5 /* Debug */,
				A67D3D6F15126D5C00391EE5 /* Release */,
			);
			defaultConfigurationIsVisible = 0;
			defaultConfigurationName = Release;
		};
/* End XCConfigurationList section */
	};
	rootObject = A67D3D4315126D5C00391EE5 /* Project object */;
}
