// !$*UTF8*$!
{
	archiveVersion = 1;
	classes = {
	};
	objectVersion = 46;
	objects = {

/* Begin PBXBuildFile section */
		A613166D15220E8B00C4103E /* SearchViewController.m in Sources */ = {isa = PBXBuildFile; fileRef = A613166C15220E8B00C4103E /* SearchViewController.m */; };
		A61316701522167D00C4103E /* TabVC.m in Sources */ = {isa = PBXBuildFile; fileRef = A613166F1522167D00C4103E /* TabVC.m */; };
		A627BA86152DF6CA0056A670 /* VistaCellNote.m in Sources */ = {isa = PBXBuildFile; fileRef = A627BA85152DF6CA0056A670 /* VistaCellNote.m */; };
		A627BA9F152E479D0056A670 /* x-species_btn2x.png in Resources */ = {isa = PBXBuildFile; fileRef = A627BA93152E479D0056A670 /* x-species_btn2x.png */; };
		A627BAA0152E479D0056A670 /* search_hike_btn2x.png in Resources */ = {isa = PBXBuildFile; fileRef = A627BA94152E479D0056A670 /* search_hike_btn2x.png */; };
		A627BAA1152E479D0056A670 /* create_hike_btn2x.png in Resources */ = {isa = PBXBuildFile; fileRef = A627BA95152E479D0056A670 /* create_hike_btn2x.png */; };
		A627BAA2152E479D0056A670 /* x-species_on_btn2x.png in Resources */ = {isa = PBXBuildFile; fileRef = A627BA96152E479D0056A670 /* x-species_on_btn2x.png */; };
		A627BAA3152E479D0056A670 /* search_hike_on_btn2x.png in Resources */ = {isa = PBXBuildFile; fileRef = A627BA97152E479D0056A670 /* search_hike_on_btn2x.png */; };
		A627BAA4152E479D0056A670 /* create_hike_on_btn2x.png in Resources */ = {isa = PBXBuildFile; fileRef = A627BA98152E479D0056A670 /* create_hike_on_btn2x.png */; };
		A627BAA5152E479D0056A670 /* search_hike_btn.png in Resources */ = {isa = PBXBuildFile; fileRef = A627BA99152E479D0056A670 /* search_hike_btn.png */; };
		A627BAA6152E479D0056A670 /* create_hike_btn.png in Resources */ = {isa = PBXBuildFile; fileRef = A627BA9A152E479D0056A670 /* create_hike_btn.png */; };
		A627BAA7152E479D0056A670 /* x-species_btn.png in Resources */ = {isa = PBXBuildFile; fileRef = A627BA9B152E479D0056A670 /* x-species_btn.png */; };
		A627BAA8152E479D0056A670 /* x-species_on_btn.png in Resources */ = {isa = PBXBuildFile; fileRef = A627BA9C152E479D0056A670 /* x-species_on_btn.png */; };
		A627BAA9152E479D0056A670 /* search_hike_on_btn.png in Resources */ = {isa = PBXBuildFile; fileRef = A627BA9D152E479D0056A670 /* search_hike_on_btn.png */; };
		A627BAAA152E479D0056A670 /* create_hike_on_btn.png in Resources */ = {isa = PBXBuildFile; fileRef = A627BA9E152E479D0056A670 /* create_hike_on_btn.png */; };
		A627BAAC152E4A4F0056A670 /* black_gradient.png in Resources */ = {isa = PBXBuildFile; fileRef = A627BAAB152E4A4E0056A670 /* black_gradient.png */; };
		A627BAB0152E4BCB0056A670 /* black_gradient.png in Resources */ = {isa = PBXBuildFile; fileRef = A627BAAD152E4BC80056A670 /* black_gradient.png */; };
		A627BAB1152E4BCB0056A670 /* create_hike_btn2x.png in Resources */ = {isa = PBXBuildFile; fileRef = A627BAAE152E4BC80056A670 /* create_hike_btn2x.png */; };
		A627BAB2152E4BCB0056A670 /* create_hike_on_btn2x.png in Resources */ = {isa = PBXBuildFile; fileRef = A627BAAF152E4BCA0056A670 /* create_hike_on_btn2x.png */; };
		A627BAB7152E4BE90056A670 /* search_hike_btn2x.png in Resources */ = {isa = PBXBuildFile; fileRef = A627BAB3152E4BE50056A670 /* search_hike_btn2x.png */; };
		A627BAB8152E4BE90056A670 /* search_hike_on_btn2x.png in Resources */ = {isa = PBXBuildFile; fileRef = A627BAB4152E4BE60056A670 /* search_hike_on_btn2x.png */; };
		A627BAB9152E4BE90056A670 /* search_hike_btn.png in Resources */ = {isa = PBXBuildFile; fileRef = A627BAB5152E4BE70056A670 /* search_hike_btn.png */; };
		A627BABA152E4BE90056A670 /* create_hike_btn.png in Resources */ = {isa = PBXBuildFile; fileRef = A627BAB6152E4BE80056A670 /* create_hike_btn.png */; };
		A627BABD152E4BF20056A670 /* search_hike_on_btn.png in Resources */ = {isa = PBXBuildFile; fileRef = A627BABB152E4BF00056A670 /* search_hike_on_btn.png */; };
		A627BABE152E4BF20056A670 /* create_hike_on_btn.png in Resources */ = {isa = PBXBuildFile; fileRef = A627BABC152E4BF10056A670 /* create_hike_on_btn.png */; };
		A67D3D5115126D5C00391EE5 /* UIKit.framework in Frameworks */ = {isa = PBXBuildFile; fileRef = A67D3D5015126D5C00391EE5 /* UIKit.framework */; };
		A67D3D5315126D5C00391EE5 /* Foundation.framework in Frameworks */ = {isa = PBXBuildFile; fileRef = A67D3D5215126D5C00391EE5 /* Foundation.framework */; };
		A67D3D5515126D5C00391EE5 /* CoreGraphics.framework in Frameworks */ = {isa = PBXBuildFile; fileRef = A67D3D5415126D5C00391EE5 /* CoreGraphics.framework */; };
		A67D3D5B15126D5C00391EE5 /* InfoPlist.strings in Resources */ = {isa = PBXBuildFile; fileRef = A67D3D5915126D5C00391EE5 /* InfoPlist.strings */; };
		A67D3D5D15126D5C00391EE5 /* main.m in Sources */ = {isa = PBXBuildFile; fileRef = A67D3D5C15126D5C00391EE5 /* main.m */; };
		A67D3D6115126D5C00391EE5 /* AppDelegate.m in Sources */ = {isa = PBXBuildFile; fileRef = A67D3D6015126D5C00391EE5 /* AppDelegate.m */; };
		A67D3D6415126D5C00391EE5 /* MainStoryboard_iPhone.storyboard in Resources */ = {isa = PBXBuildFile; fileRef = A67D3D6215126D5C00391EE5 /* MainStoryboard_iPhone.storyboard */; };
		A67D3D6715126D5C00391EE5 /* MainStoryboard_iPad.storyboard in Resources */ = {isa = PBXBuildFile; fileRef = A67D3D6515126D5C00391EE5 /* MainStoryboard_iPad.storyboard */; };
		A67D3D6A15126D5C00391EE5 /* ViewController.m in Sources */ = {isa = PBXBuildFile; fileRef = A67D3D6915126D5C00391EE5 /* ViewController.m */; };
		A67D3D7515128E6C00391EE5 /* MapViewController.m in Sources */ = {isa = PBXBuildFile; fileRef = A67D3D7415128E6C00391EE5 /* MapViewController.m */; };
		A67D3D791512998400391EE5 /* MapKit.framework in Frameworks */ = {isa = PBXBuildFile; fileRef = A67D3D781512998400391EE5 /* MapKit.framework */; };
		A67D3D7D15139AD100391EE5 /* CreditsViewController.m in Sources */ = {isa = PBXBuildFile; fileRef = A67D3D7C15139AD100391EE5 /* CreditsViewController.m */; };
		A67D3D801513A73000391EE5 /* SearchResultsController.m in Sources */ = {isa = PBXBuildFile; fileRef = A67D3D7F1513A73000391EE5 /* SearchResultsController.m */; };
		A67D3D8B1513AD8E00391EE5 /* SearchTableViewCell.m in Sources */ = {isa = PBXBuildFile; fileRef = A67D3D8A1513AD8E00391EE5 /* SearchTableViewCell.m */; };
		A687B479151A8972004F08B0 /* ViewOrHikeViewController.m in Sources */ = {isa = PBXBuildFile; fileRef = A687B478151A8972004F08B0 /* ViewOrHikeViewController.m */; };
		A687B481151B8A5D004F08B0 /* HikeDetailsViewController.m in Sources */ = {isa = PBXBuildFile; fileRef = A687B480151B8A5D004F08B0 /* HikeDetailsViewController.m */; };
		A687B484151BDC19004F08B0 /* HikesListViewController.m in Sources */ = {isa = PBXBuildFile; fileRef = A687B483151BDC18004F08B0 /* HikesListViewController.m */; };
		A687B4871520C2E7004F08B0 /* GetDirectionsDelegate.m in Sources */ = {isa = PBXBuildFile; fileRef = A687B4861520C2E6004F08B0 /* GetDirectionsDelegate.m */; };
		A6AB117815265FB20002D9EE /* hike_it_btn.png in Resources */ = {isa = PBXBuildFile; fileRef = A6AB117415265FB10002D9EE /* hike_it_btn.png */; };
		A6AB117915265FB20002D9EE /* titlebar_logo2x.png in Resources */ = {isa = PBXBuildFile; fileRef = A6AB117515265FB10002D9EE /* titlebar_logo2x.png */; };
		A6AB117A15265FB20002D9EE /* titlebar_logo.png in Resources */ = {isa = PBXBuildFile; fileRef = A6AB117615265FB20002D9EE /* titlebar_logo.png */; };
		A6AB117C1526603A0002D9EE /* view_it_btn.png in Resources */ = {isa = PBXBuildFile; fileRef = A6AB117B1526603A0002D9EE /* view_it_btn.png */; };
		A6EDACD71513D489000AFB60 /* CoreLocation.framework in Frameworks */ = {isa = PBXBuildFile; fileRef = A6EDACD61513D489000AFB60 /* CoreLocation.framework */; };
		A6EDACDF1513E84F000AFB60 /* Hike.m in Sources */ = {isa = PBXBuildFile; fileRef = A6EDACDE1513E84F000AFB60 /* Hike.m */; };
		A6EDACE21513E86E000AFB60 /* ScenicVista.m in Sources */ = {isa = PBXBuildFile; fileRef = A6EDACE11513E86E000AFB60 /* ScenicVista.m */; };
		E1C0D524152DC7C0009A1F8D /* VistaCellPhoto.m in Sources */ = {isa = PBXBuildFile; fileRef = E1C0D523152DC7C0009A1F8D /* VistaCellPhoto.m */; };
		E1C0D527152DC970009A1F8D /* VistaCell.m in Sources */ = {isa = PBXBuildFile; fileRef = E1C0D526152DC970009A1F8D /* VistaCell.m */; };
/* End PBXBuildFile section */

/* Begin PBXFileReference section */
		A613166B15220E8B00C4103E /* SearchViewController.h */ = {isa = PBXFileReference; fileEncoding = 4; lastKnownFileType = sourcecode.c.h; path = SearchViewController.h; sourceTree = "<group>"; };
		A613166C15220E8B00C4103E /* SearchViewController.m */ = {isa = PBXFileReference; fileEncoding = 4; lastKnownFileType = sourcecode.c.objc; path = SearchViewController.m; sourceTree = "<group>"; };
		A613166E1522167C00C4103E /* TabVC.h */ = {isa = PBXFileReference; fileEncoding = 4; lastKnownFileType = sourcecode.c.h; path = TabVC.h; sourceTree = "<group>"; };
		A613166F1522167D00C4103E /* TabVC.m */ = {isa = PBXFileReference; fileEncoding = 4; lastKnownFileType = sourcecode.c.objc; path = TabVC.m; sourceTree = "<group>"; };
		A627BA84152DF6CA0056A670 /* VistaCellNote.h */ = {isa = PBXFileReference; fileEncoding = 4; lastKnownFileType = sourcecode.c.h; path = VistaCellNote.h; sourceTree = "<group>"; };
		A627BA85152DF6CA0056A670 /* VistaCellNote.m */ = {isa = PBXFileReference; fileEncoding = 4; lastKnownFileType = sourcecode.c.objc; path = VistaCellNote.m; sourceTree = "<group>"; };
		A627BA93152E479D0056A670 /* x-species_btn2x.png */ = {isa = PBXFileReference; lastKnownFileType = image.png; path = "x-species_btn2x.png"; sourceTree = "<group>"; };
		A627BA94152E479D0056A670 /* search_hike_btn2x.png */ = {isa = PBXFileReference; lastKnownFileType = image.png; path = search_hike_btn2x.png; sourceTree = "<group>"; };
		A627BA95152E479D0056A670 /* create_hike_btn2x.png */ = {isa = PBXFileReference; lastKnownFileType = image.png; path = create_hike_btn2x.png; sourceTree = "<group>"; };
		A627BA96152E479D0056A670 /* x-species_on_btn2x.png */ = {isa = PBXFileReference; lastKnownFileType = image.png; path = "x-species_on_btn2x.png"; sourceTree = "<group>"; };
		A627BA97152E479D0056A670 /* search_hike_on_btn2x.png */ = {isa = PBXFileReference; lastKnownFileType = image.png; path = search_hike_on_btn2x.png; sourceTree = "<group>"; };
		A627BA98152E479D0056A670 /* create_hike_on_btn2x.png */ = {isa = PBXFileReference; lastKnownFileType = image.png; path = create_hike_on_btn2x.png; sourceTree = "<group>"; };
		A627BA99152E479D0056A670 /* search_hike_btn.png */ = {isa = PBXFileReference; lastKnownFileType = image.png; path = search_hike_btn.png; sourceTree = "<group>"; };
		A627BA9A152E479D0056A670 /* create_hike_btn.png */ = {isa = PBXFileReference; lastKnownFileType = image.png; path = create_hike_btn.png; sourceTree = "<group>"; };
		A627BA9B152E479D0056A670 /* x-species_btn.png */ = {isa = PBXFileReference; lastKnownFileType = image.png; path = "x-species_btn.png"; sourceTree = "<group>"; };
		A627BA9C152E479D0056A670 /* x-species_on_btn.png */ = {isa = PBXFileReference; lastKnownFileType = image.png; path = "x-species_on_btn.png"; sourceTree = "<group>"; };
		A627BA9D152E479D0056A670 /* search_hike_on_btn.png */ = {isa = PBXFileReference; lastKnownFileType = image.png; path = search_hike_on_btn.png; sourceTree = "<group>"; };
		A627BA9E152E479D0056A670 /* create_hike_on_btn.png */ = {isa = PBXFileReference; lastKnownFileType = image.png; path = create_hike_on_btn.png; sourceTree = "<group>"; };
		A627BAAB152E4A4E0056A670 /* black_gradient.png */ = {isa = PBXFileReference; lastKnownFileType = image.png; path = black_gradient.png; sourceTree = "<group>"; };
		A627BAAD152E4BC80056A670 /* black_gradient.png */ = {isa = PBXFileReference; lastKnownFileType = image.png; name = black_gradient.png; path = Assets/black_gradient.png; sourceTree = "<group>"; };
		A627BAAE152E4BC80056A670 /* create_hike_btn2x.png */ = {isa = PBXFileReference; lastKnownFileType = image.png; name = create_hike_btn2x.png; path = Assets/create_hike_btn2x.png; sourceTree = "<group>"; };
		A627BAAF152E4BCA0056A670 /* create_hike_on_btn2x.png */ = {isa = PBXFileReference; lastKnownFileType = image.png; name = create_hike_on_btn2x.png; path = Assets/create_hike_on_btn2x.png; sourceTree = "<group>"; };
		A627BAB3152E4BE50056A670 /* search_hike_btn2x.png */ = {isa = PBXFileReference; lastKnownFileType = image.png; name = search_hike_btn2x.png; path = Assets/search_hike_btn2x.png; sourceTree = "<group>"; };
		A627BAB4152E4BE60056A670 /* search_hike_on_btn2x.png */ = {isa = PBXFileReference; lastKnownFileType = image.png; name = search_hike_on_btn2x.png; path = Assets/search_hike_on_btn2x.png; sourceTree = "<group>"; };
		A627BAB5152E4BE70056A670 /* search_hike_btn.png */ = {isa = PBXFileReference; lastKnownFileType = image.png; name = search_hike_btn.png; path = Assets/search_hike_btn.png; sourceTree = "<group>"; };
		A627BAB6152E4BE80056A670 /* create_hike_btn.png */ = {isa = PBXFileReference; lastKnownFileType = image.png; name = create_hike_btn.png; path = Assets/create_hike_btn.png; sourceTree = "<group>"; };
		A627BABB152E4BF00056A670 /* search_hike_on_btn.png */ = {isa = PBXFileReference; lastKnownFileType = image.png; name = search_hike_on_btn.png; path = Assets/search_hike_on_btn.png; sourceTree = "<group>"; };
		A627BABC152E4BF10056A670 /* create_hike_on_btn.png */ = {isa = PBXFileReference; lastKnownFileType = image.png; name = create_hike_on_btn.png; path = Assets/create_hike_on_btn.png; sourceTree = "<group>"; };
		A67D3D4C15126D5C00391EE5 /* IHPlus.app */ = {isa = PBXFileReference; explicitFileType = wrapper.application; includeInIndex = 0; path = IHPlus.app; sourceTree = BUILT_PRODUCTS_DIR; };
		A67D3D5015126D5C00391EE5 /* UIKit.framework */ = {isa = PBXFileReference; lastKnownFileType = wrapper.framework; name = UIKit.framework; path = System/Library/Frameworks/UIKit.framework; sourceTree = SDKROOT; };
		A67D3D5215126D5C00391EE5 /* Foundation.framework */ = {isa = PBXFileReference; lastKnownFileType = wrapper.framework; name = Foundation.framework; path = System/Library/Frameworks/Foundation.framework; sourceTree = SDKROOT; };
		A67D3D5415126D5C00391EE5 /* CoreGraphics.framework */ = {isa = PBXFileReference; lastKnownFileType = wrapper.framework; name = CoreGraphics.framework; path = System/Library/Frameworks/CoreGraphics.framework; sourceTree = SDKROOT; };
		A67D3D5815126D5C00391EE5 /* IHPlus-Info.plist */ = {isa = PBXFileReference; lastKnownFileType = text.plist.xml; path = "IHPlus-Info.plist"; sourceTree = "<group>"; };
		A67D3D5A15126D5C00391EE5 /* en */ = {isa = PBXFileReference; lastKnownFileType = text.plist.strings; name = en; path = en.lproj/InfoPlist.strings; sourceTree = "<group>"; };
		A67D3D5C15126D5C00391EE5 /* main.m */ = {isa = PBXFileReference; lastKnownFileType = sourcecode.c.objc; path = main.m; sourceTree = "<group>"; };
		A67D3D5E15126D5C00391EE5 /* IHPlus-Prefix.pch */ = {isa = PBXFileReference; lastKnownFileType = sourcecode.c.h; path = "IHPlus-Prefix.pch"; sourceTree = "<group>"; };
		A67D3D5F15126D5C00391EE5 /* AppDelegate.h */ = {isa = PBXFileReference; lastKnownFileType = sourcecode.c.h; path = AppDelegate.h; sourceTree = "<group>"; };
		A67D3D6015126D5C00391EE5 /* AppDelegate.m */ = {isa = PBXFileReference; lastKnownFileType = sourcecode.c.objc; path = AppDelegate.m; sourceTree = "<group>"; };
		A67D3D6315126D5C00391EE5 /* en */ = {isa = PBXFileReference; lastKnownFileType = file.storyboard; name = en; path = en.lproj/MainStoryboard_iPhone.storyboard; sourceTree = "<group>"; };
		A67D3D6615126D5C00391EE5 /* en */ = {isa = PBXFileReference; lastKnownFileType = file.storyboard; name = en; path = en.lproj/MainStoryboard_iPad.storyboard; sourceTree = "<group>"; };
		A67D3D6815126D5C00391EE5 /* ViewController.h */ = {isa = PBXFileReference; lastKnownFileType = sourcecode.c.h; path = ViewController.h; sourceTree = "<group>"; };
		A67D3D6915126D5C00391EE5 /* ViewController.m */ = {isa = PBXFileReference; lastKnownFileType = sourcecode.c.objc; path = ViewController.m; sourceTree = "<group>"; };
		A67D3D7315128E6C00391EE5 /* MapViewController.h */ = {isa = PBXFileReference; fileEncoding = 4; lastKnownFileType = sourcecode.c.h; path = MapViewController.h; sourceTree = "<group>"; };
		A67D3D7415128E6C00391EE5 /* MapViewController.m */ = {isa = PBXFileReference; fileEncoding = 4; lastKnownFileType = sourcecode.c.objc; path = MapViewController.m; sourceTree = "<group>"; };
		A67D3D781512998400391EE5 /* MapKit.framework */ = {isa = PBXFileReference; lastKnownFileType = wrapper.framework; name = MapKit.framework; path = System/Library/Frameworks/MapKit.framework; sourceTree = SDKROOT; };
		A67D3D7B15139AD100391EE5 /* CreditsViewController.h */ = {isa = PBXFileReference; fileEncoding = 4; lastKnownFileType = sourcecode.c.h; path = CreditsViewController.h; sourceTree = "<group>"; };
		A67D3D7C15139AD100391EE5 /* CreditsViewController.m */ = {isa = PBXFileReference; fileEncoding = 4; lastKnownFileType = sourcecode.c.objc; path = CreditsViewController.m; sourceTree = "<group>"; };
		A67D3D7E1513A73000391EE5 /* SearchResultsController.h */ = {isa = PBXFileReference; fileEncoding = 4; lastKnownFileType = sourcecode.c.h; path = SearchResultsController.h; sourceTree = "<group>"; };
		A67D3D7F1513A73000391EE5 /* SearchResultsController.m */ = {isa = PBXFileReference; fileEncoding = 4; lastKnownFileType = sourcecode.c.objc; path = SearchResultsController.m; sourceTree = "<group>"; };
		A67D3D891513AD8E00391EE5 /* SearchTableViewCell.h */ = {isa = PBXFileReference; fileEncoding = 4; lastKnownFileType = sourcecode.c.h; path = SearchTableViewCell.h; sourceTree = "<group>"; };
		A67D3D8A1513AD8E00391EE5 /* SearchTableViewCell.m */ = {isa = PBXFileReference; fileEncoding = 4; lastKnownFileType = sourcecode.c.objc; path = SearchTableViewCell.m; sourceTree = "<group>"; };
		A687B477151A8972004F08B0 /* ViewOrHikeViewController.h */ = {isa = PBXFileReference; fileEncoding = 4; lastKnownFileType = sourcecode.c.h; path = ViewOrHikeViewController.h; sourceTree = "<group>"; };
		A687B478151A8972004F08B0 /* ViewOrHikeViewController.m */ = {isa = PBXFileReference; fileEncoding = 4; lastKnownFileType = sourcecode.c.objc; path = ViewOrHikeViewController.m; sourceTree = "<group>"; };
		A687B47F151B8A5C004F08B0 /* HikeDetailsViewController.h */ = {isa = PBXFileReference; fileEncoding = 4; lastKnownFileType = sourcecode.c.h; path = HikeDetailsViewController.h; sourceTree = "<group>"; };
		A687B480151B8A5D004F08B0 /* HikeDetailsViewController.m */ = {isa = PBXFileReference; fileEncoding = 4; lastKnownFileType = sourcecode.c.objc; path = HikeDetailsViewController.m; sourceTree = "<group>"; };
		A687B482151BDC18004F08B0 /* HikesListViewController.h */ = {isa = PBXFileReference; fileEncoding = 4; lastKnownFileType = sourcecode.c.h; path = HikesListViewController.h; sourceTree = "<group>"; };
		A687B483151BDC18004F08B0 /* HikesListViewController.m */ = {isa = PBXFileReference; fileEncoding = 4; lastKnownFileType = sourcecode.c.objc; path = HikesListViewController.m; sourceTree = "<group>"; };
		A687B4851520C2E5004F08B0 /* GetDirectionsDelegate.h */ = {isa = PBXFileReference; fileEncoding = 4; lastKnownFileType = sourcecode.c.h; path = GetDirectionsDelegate.h; sourceTree = "<group>"; };
		A687B4861520C2E6004F08B0 /* GetDirectionsDelegate.m */ = {isa = PBXFileReference; fileEncoding = 4; lastKnownFileType = sourcecode.c.objc; path = GetDirectionsDelegate.m; sourceTree = "<group>"; };
		A687B48C1520D1D8004F08B0 /* libz.dylib */ = {isa = PBXFileReference; lastKnownFileType = "compiled.mach-o.dylib"; name = libz.dylib; path = usr/lib/libz.dylib; sourceTree = SDKROOT; };
		A6AB117415265FB10002D9EE /* hike_it_btn.png */ = {isa = PBXFileReference; lastKnownFileType = image.png; name = hike_it_btn.png; path = Assets/hike_it_btn.png; sourceTree = "<group>"; };
		A6AB117515265FB10002D9EE /* titlebar_logo2x.png */ = {isa = PBXFileReference; lastKnownFileType = image.png; name = titlebar_logo2x.png; path = Assets/titlebar_logo2x.png; sourceTree = "<group>"; };
		A6AB117615265FB20002D9EE /* titlebar_logo.png */ = {isa = PBXFileReference; lastKnownFileType = image.png; name = titlebar_logo.png; path = Assets/titlebar_logo.png; sourceTree = "<group>"; };
		A6AB117B1526603A0002D9EE /* view_it_btn.png */ = {isa = PBXFileReference; lastKnownFileType = image.png; name = view_it_btn.png; path = Assets/view_it_btn.png; sourceTree = "<group>"; };
		A6EDACD61513D489000AFB60 /* CoreLocation.framework */ = {isa = PBXFileReference; lastKnownFileType = wrapper.framework; name = CoreLocation.framework; path = System/Library/Frameworks/CoreLocation.framework; sourceTree = SDKROOT; };
		A6EDACDD1513E84F000AFB60 /* Hike.h */ = {isa = PBXFileReference; fileEncoding = 4; lastKnownFileType = sourcecode.c.h; path = Hike.h; sourceTree = "<group>"; };
		A6EDACDE1513E84F000AFB60 /* Hike.m */ = {isa = PBXFileReference; fileEncoding = 4; lastKnownFileType = sourcecode.c.objc; path = Hike.m; sourceTree = "<group>"; };
		A6EDACE01513E86E000AFB60 /* ScenicVista.h */ = {isa = PBXFileReference; fileEncoding = 4; lastKnownFileType = sourcecode.c.h; path = ScenicVista.h; sourceTree = "<group>"; };
		A6EDACE11513E86E000AFB60 /* ScenicVista.m */ = {isa = PBXFileReference; fileEncoding = 4; lastKnownFileType = sourcecode.c.objc; path = ScenicVista.m; sourceTree = "<group>"; };
		E1C0D522152DC7C0009A1F8D /* VistaCellPhoto.h */ = {isa = PBXFileReference; fileEncoding = 4; lastKnownFileType = sourcecode.c.h; path = VistaCellPhoto.h; sourceTree = "<group>"; };
		E1C0D523152DC7C0009A1F8D /* VistaCellPhoto.m */ = {isa = PBXFileReference; fileEncoding = 4; lastKnownFileType = sourcecode.c.objc; path = VistaCellPhoto.m; sourceTree = "<group>"; };
		E1C0D525152DC970009A1F8D /* VistaCell.h */ = {isa = PBXFileReference; fileEncoding = 4; lastKnownFileType = sourcecode.c.h; path = VistaCell.h; sourceTree = "<group>"; };
		E1C0D526152DC970009A1F8D /* VistaCell.m */ = {isa = PBXFileReference; fileEncoding = 4; lastKnownFileType = sourcecode.c.objc; path = VistaCell.m; sourceTree = "<group>"; };
/* End PBXFileReference section */

/* Begin PBXFrameworksBuildPhase section */
		A67D3D4915126D5C00391EE5 /* Frameworks */ = {
			isa = PBXFrameworksBuildPhase;
			buildActionMask = 2147483647;
			files = (
				A6EDACD71513D489000AFB60 /* CoreLocation.framework in Frameworks */,
				A67D3D791512998400391EE5 /* MapKit.framework in Frameworks */,
				A67D3D5115126D5C00391EE5 /* UIKit.framework in Frameworks */,
				A67D3D5315126D5C00391EE5 /* Foundation.framework in Frameworks */,
				A67D3D5515126D5C00391EE5 /* CoreGraphics.framework in Frameworks */,
			);
			runOnlyForDeploymentPostprocessing = 0;
		};
/* End PBXFrameworksBuildPhase section */

/* Begin PBXGroup section */
		A67D3D4115126D5C00391EE5 = {
			isa = PBXGroup;
			children = (
				A687B48C1520D1D8004F08B0 /* libz.dylib */,
				A6EDACD61513D489000AFB60 /* CoreLocation.framework */,
				A67D3D781512998400391EE5 /* MapKit.framework */,
				A67D3D5615126D5C00391EE5 /* IHPlus */,
				A67D3D4F15126D5C00391EE5 /* Frameworks */,
				A67D3D4D15126D5C00391EE5 /* Products */,
			);
			sourceTree = "<group>";
		};
		A67D3D4D15126D5C00391EE5 /* Products */ = {
			isa = PBXGroup;
			children = (
				A67D3D4C15126D5C00391EE5 /* IHPlus.app */,
			);
			name = Products;
			sourceTree = "<group>";
		};
		A67D3D4F15126D5C00391EE5 /* Frameworks */ = {
			isa = PBXGroup;
			children = (
				A67D3D5015126D5C00391EE5 /* UIKit.framework */,
				A67D3D5215126D5C00391EE5 /* Foundation.framework */,
				A67D3D5415126D5C00391EE5 /* CoreGraphics.framework */,
			);
			name = Frameworks;
			sourceTree = "<group>";
		};
		A67D3D5615126D5C00391EE5 /* IHPlus */ = {
			isa = PBXGroup;
			children = (
				A687B46D151A486A004F08B0 /* Resources */,
				A6EDACDC1513E837000AFB60 /* Models */,
				A67D3D7A1513984600391EE5 /* ViewControllers */,
				A67D3D5F15126D5C00391EE5 /* AppDelegate.h */,
				A67D3D6015126D5C00391EE5 /* AppDelegate.m */,
				A67D3D6215126D5C00391EE5 /* MainStoryboard_iPhone.storyboard */,
				A67D3D6515126D5C00391EE5 /* MainStoryboard_iPad.storyboard */,
				A67D3D5715126D5C00391EE5 /* Supporting Files */,
				A67D3D891513AD8E00391EE5 /* SearchTableViewCell.h */,
				A67D3D8A1513AD8E00391EE5 /* SearchTableViewCell.m */,
				A687B4851520C2E5004F08B0 /* GetDirectionsDelegate.h */,
				A687B4861520C2E6004F08B0 /* GetDirectionsDelegate.m */,
				E1C0D522152DC7C0009A1F8D /* VistaCellPhoto.h */,
				E1C0D523152DC7C0009A1F8D /* VistaCellPhoto.m */,
				E1C0D525152DC970009A1F8D /* VistaCell.h */,
				E1C0D526152DC970009A1F8D /* VistaCell.m */,
				A627BA84152DF6CA0056A670 /* VistaCellNote.h */,
				A627BA85152DF6CA0056A670 /* VistaCellNote.m */,
			);
			path = IHPlus;
			sourceTree = "<group>";
		};
		A67D3D5715126D5C00391EE5 /* Supporting Files */ = {
			isa = PBXGroup;
			children = (
				A67D3D5815126D5C00391EE5 /* IHPlus-Info.plist */,
				A67D3D5915126D5C00391EE5 /* InfoPlist.strings */,
				A67D3D5C15126D5C00391EE5 /* main.m */,
				A67D3D5E15126D5C00391EE5 /* IHPlus-Prefix.pch */,
			);
			name = "Supporting Files";
			sourceTree = "<group>";
		};
		A67D3D7A1513984600391EE5 /* ViewControllers */ = {
			isa = PBXGroup;
			children = (
				A67D3D6815126D5C00391EE5 /* ViewController.h */,
				A67D3D6915126D5C00391EE5 /* ViewController.m */,
				A67D3D7315128E6C00391EE5 /* MapViewController.h */,
				A67D3D7415128E6C00391EE5 /* MapViewController.m */,
				A67D3D7B15139AD100391EE5 /* CreditsViewController.h */,
				A67D3D7C15139AD100391EE5 /* CreditsViewController.m */,
				A67D3D7E1513A73000391EE5 /* SearchResultsController.h */,
				A67D3D7F1513A73000391EE5 /* SearchResultsController.m */,
				A687B477151A8972004F08B0 /* ViewOrHikeViewController.h */,
				A687B478151A8972004F08B0 /* ViewOrHikeViewController.m */,
				A687B47F151B8A5C004F08B0 /* HikeDetailsViewController.h */,
				A687B480151B8A5D004F08B0 /* HikeDetailsViewController.m */,
				A687B482151BDC18004F08B0 /* HikesListViewController.h */,
				A687B483151BDC18004F08B0 /* HikesListViewController.m */,
				A613166B15220E8B00C4103E /* SearchViewController.h */,
				A613166C15220E8B00C4103E /* SearchViewController.m */,
				A613166E1522167C00C4103E /* TabVC.h */,
				A613166F1522167D00C4103E /* TabVC.m */,
			);
			name = ViewControllers;
			sourceTree = "<group>";
		};
		A687B46D151A486A004F08B0 /* Resources */ = {
			isa = PBXGroup;
			children = (
				A627BABB152E4BF00056A670 /* search_hike_on_btn.png */,
				A627BABC152E4BF10056A670 /* create_hike_on_btn.png */,
				A627BAB3152E4BE50056A670 /* search_hike_btn2x.png */,
				A627BAB4152E4BE60056A670 /* search_hike_on_btn2x.png */,
				A627BAB5152E4BE70056A670 /* search_hike_btn.png */,
				A627BAB6152E4BE80056A670 /* create_hike_btn.png */,
				A627BAAD152E4BC80056A670 /* black_gradient.png */,
				A627BAAE152E4BC80056A670 /* create_hike_btn2x.png */,
				A627BAAF152E4BCA0056A670 /* create_hike_on_btn2x.png */,
				A627BAAB152E4A4E0056A670 /* black_gradient.png */,
				A627BA93152E479D0056A670 /* x-species_btn2x.png */,
				A627BA94152E479D0056A670 /* search_hike_btn2x.png */,
				A627BA95152E479D0056A670 /* create_hike_btn2x.png */,
				A627BA96152E479D0056A670 /* x-species_on_btn2x.png */,
				A627BA97152E479D0056A670 /* search_hike_on_btn2x.png */,
				A627BA98152E479D0056A670 /* create_hike_on_btn2x.png */,
				A627BA99152E479D0056A670 /* search_hike_btn.png */,
				A627BA9A152E479D0056A670 /* create_hike_btn.png */,
				A627BA9B152E479D0056A670 /* x-species_btn.png */,
				A627BA9C152E479D0056A670 /* x-species_on_btn.png */,
				A627BA9D152E479D0056A670 /* search_hike_on_btn.png */,
				A627BA9E152E479D0056A670 /* create_hike_on_btn.png */,
				A6AB117B1526603A0002D9EE /* view_it_btn.png */,
				A6AB117415265FB10002D9EE /* hike_it_btn.png */,
				A6AB117515265FB10002D9EE /* titlebar_logo2x.png */,
				A6AB117615265FB20002D9EE /* titlebar_logo.png */,
			);
			name = Resources;
			sourceTree = "<group>";
		};
		A6EDACDC1513E837000AFB60 /* Models */ = {
			isa = PBXGroup;
			children = (
				A6EDACDD1513E84F000AFB60 /* Hike.h */,
				A6EDACDE1513E84F000AFB60 /* Hike.m */,
				A6EDACE01513E86E000AFB60 /* ScenicVista.h */,
				A6EDACE11513E86E000AFB60 /* ScenicVista.m */,
			);
			name = Models;
			sourceTree = "<group>";
		};
/* End PBXGroup section */

/* Begin PBXNativeTarget section */
		A67D3D4B15126D5C00391EE5 /* IHPlus */ = {
			isa = PBXNativeTarget;
			buildConfigurationList = A67D3D6D15126D5C00391EE5 /* Build configuration list for PBXNativeTarget "IHPlus" */;
			buildPhases = (
				A67D3D4815126D5C00391EE5 /* Sources */,
				A67D3D4915126D5C00391EE5 /* Frameworks */,
				A67D3D4A15126D5C00391EE5 /* Resources */,
			);
			buildRules = (
			);
			dependencies = (
			);
			name = IHPlus;
			productName = IHPlus;
			productReference = A67D3D4C15126D5C00391EE5 /* IHPlus.app */;
			productType = "com.apple.product-type.application";
		};
/* End PBXNativeTarget section */

/* Begin PBXProject section */
		A67D3D4315126D5C00391EE5 /* Project object */ = {
			isa = PBXProject;
			attributes = {
				LastUpgradeCheck = 0420;
			};
			buildConfigurationList = A67D3D4615126D5C00391EE5 /* Build configuration list for PBXProject "IHPlus" */;
			compatibilityVersion = "Xcode 3.2";
			developmentRegion = English;
			hasScannedForEncodings = 0;
			knownRegions = (
				en,
			);
			mainGroup = A67D3D4115126D5C00391EE5;
			productRefGroup = A67D3D4D15126D5C00391EE5 /* Products */;
			projectDirPath = "";
			projectRoot = "";
			targets = (
				A67D3D4B15126D5C00391EE5 /* IHPlus */,
			);
		};
/* End PBXProject section */

/* Begin PBXResourcesBuildPhase section */
		A67D3D4A15126D5C00391EE5 /* Resources */ = {
			isa = PBXResourcesBuildPhase;
			buildActionMask = 2147483647;
			files = (
				A67D3D5B15126D5C00391EE5 /* InfoPlist.strings in Resources */,
				A67D3D6415126D5C00391EE5 /* MainStoryboard_iPhone.storyboard in Resources */,
				A67D3D6715126D5C00391EE5 /* MainStoryboard_iPad.storyboard in Resources */,
				A6AB117815265FB20002D9EE /* hike_it_btn.png in Resources */,
				A6AB117915265FB20002D9EE /* titlebar_logo2x.png in Resources */,
				A6AB117A15265FB20002D9EE /* titlebar_logo.png in Resources */,
				A6AB117C1526603A0002D9EE /* view_it_btn.png in Resources */,
				A627BA9F152E479D0056A670 /* x-species_btn2x.png in Resources */,
				A627BAA0152E479D0056A670 /* search_hike_btn2x.png in Resources */,
				A627BAA1152E479D0056A670 /* create_hike_btn2x.png in Resources */,
				A627BAA2152E479D0056A670 /* x-species_on_btn2x.png in Resources */,
				A627BAA3152E479D0056A670 /* search_hike_on_btn2x.png in Resources */,
				A627BAA4152E479D0056A670 /* create_hike_on_btn2x.png in Resources */,
				A627BAA5152E479D0056A670 /* search_hike_btn.png in Resources */,
				A627BAA6152E479D0056A670 /* create_hike_btn.png in Resources */,
				A627BAA7152E479D0056A670 /* x-species_btn.png in Resources */,
				A627BAA8152E479D0056A670 /* x-species_on_btn.png in Resources */,
				A627BAA9152E479D0056A670 /* search_hike_on_btn.png in Resources */,
				A627BAAA152E479D0056A670 /* create_hike_on_btn.png in Resources */,
				A627BAAC152E4A4F0056A670 /* black_gradient.png in Resources */,
				A627BAB0152E4BCB0056A670 /* black_gradient.png in Resources */,
				A627BAB1152E4BCB0056A670 /* create_hike_btn2x.png in Resources */,
				A627BAB2152E4BCB0056A670 /* create_hike_on_btn2x.png in Resources */,
				A627BAB7152E4BE90056A670 /* search_hike_btn2x.png in Resources */,
				A627BAB8152E4BE90056A670 /* search_hike_on_btn2x.png in Resources */,
				A627BAB9152E4BE90056A670 /* search_hike_btn.png in Resources */,
				A627BABA152E4BE90056A670 /* create_hike_btn.png in Resources */,
				A627BABD152E4BF20056A670 /* search_hike_on_btn.png in Resources */,
				A627BABE152E4BF20056A670 /* create_hike_on_btn.png in Resources */,
			);
			runOnlyForDeploymentPostprocessing = 0;
		};
/* End PBXResourcesBuildPhase section */

/* Begin PBXSourcesBuildPhase section */
		A67D3D4815126D5C00391EE5 /* Sources */ = {
			isa = PBXSourcesBuildPhase;
			buildActionMask = 2147483647;
			files = (
				A67D3D5D15126D5C00391EE5 /* main.m in Sources */,
				A67D3D6115126D5C00391EE5 /* AppDelegate.m in Sources */,
				A67D3D6A15126D5C00391EE5 /* ViewController.m in Sources */,
				A67D3D7515128E6C00391EE5 /* MapViewController.m in Sources */,
				A67D3D7D15139AD100391EE5 /* CreditsViewController.m in Sources */,
				A67D3D801513A73000391EE5 /* SearchResultsController.m in Sources */,
				A67D3D8B1513AD8E00391EE5 /* SearchTableViewCell.m in Sources */,
				A6EDACDF1513E84F000AFB60 /* Hike.m in Sources */,
				A6EDACE21513E86E000AFB60 /* ScenicVista.m in Sources */,
				A687B479151A8972004F08B0 /* ViewOrHikeViewController.m in Sources */,
				A687B481151B8A5D004F08B0 /* HikeDetailsViewController.m in Sources */,
				A687B484151BDC19004F08B0 /* HikesListViewController.m in Sources */,
				A687B4871520C2E7004F08B0 /* GetDirectionsDelegate.m in Sources */,
				A613166D15220E8B00C4103E /* SearchViewController.m in Sources */,
				A61316701522167D00C4103E /* TabVC.m in Sources */,
				E1C0D524152DC7C0009A1F8D /* VistaCellPhoto.m in Sources */,
				E1C0D527152DC970009A1F8D /* VistaCell.m in Sources */,
				A627BA86152DF6CA0056A670 /* VistaCellNote.m in Sources */,
			);
			runOnlyForDeploymentPostprocessing = 0;
		};
/* End PBXSourcesBuildPhase section */

/* Begin PBXVariantGroup section */
		A67D3D5915126D5C00391EE5 /* InfoPlist.strings */ = {
			isa = PBXVariantGroup;
			children = (
				A67D3D5A15126D5C00391EE5 /* en */,
			);
			name = InfoPlist.strings;
			sourceTree = "<group>";
		};
		A67D3D6215126D5C00391EE5 /* MainStoryboard_iPhone.storyboard */ = {
			isa = PBXVariantGroup;
			children = (
				A67D3D6315126D5C00391EE5 /* en */,
			);
			name = MainStoryboard_iPhone.storyboard;
			sourceTree = "<group>";
		};
		A67D3D6515126D5C00391EE5 /* MainStoryboard_iPad.storyboard */ = {
			isa = PBXVariantGroup;
			children = (
				A67D3D6615126D5C00391EE5 /* en */,
			);
			name = MainStoryboard_iPad.storyboard;
			sourceTree = "<group>";
		};
/* End PBXVariantGroup section */

/* Begin XCBuildConfiguration section */
		A67D3D6B15126D5C00391EE5 /* Debug */ = {
			isa = XCBuildConfiguration;
			buildSettings = {
				ALWAYS_SEARCH_USER_PATHS = NO;
				ARCHS = "$(ARCHS_STANDARD_32_BIT)";
				CLANG_ENABLE_OBJC_ARC = YES;
				"CODE_SIGN_IDENTITY[sdk=iphoneos*]" = "iPhone Developer";
				COPY_PHASE_STRIP = NO;
				GCC_C_LANGUAGE_STANDARD = gnu99;
				GCC_DYNAMIC_NO_PIC = NO;
				GCC_OPTIMIZATION_LEVEL = 0;
				GCC_PREPROCESSOR_DEFINITIONS = (
					"DEBUG=1",
					"$(inherited)",
				);
				GCC_SYMBOLS_PRIVATE_EXTERN = NO;
				GCC_VERSION = com.apple.compilers.llvm.clang.1_0;
				GCC_WARN_ABOUT_MISSING_PROTOTYPES = YES;
				GCC_WARN_ABOUT_RETURN_TYPE = YES;
				GCC_WARN_UNUSED_VARIABLE = YES;
				IPHONEOS_DEPLOYMENT_TARGET = 5.0;
				SDKROOT = iphoneos;
				TARGETED_DEVICE_FAMILY = "1,2";
			};
			name = Debug;
		};
		A67D3D6C15126D5C00391EE5 /* Release */ = {
			isa = XCBuildConfiguration;
			buildSettings = {
				ALWAYS_SEARCH_USER_PATHS = NO;
				ARCHS = "$(ARCHS_STANDARD_32_BIT)";
				CLANG_ENABLE_OBJC_ARC = YES;
				"CODE_SIGN_IDENTITY[sdk=iphoneos*]" = "iPhone Developer";
				COPY_PHASE_STRIP = YES;
				GCC_C_LANGUAGE_STANDARD = gnu99;
				GCC_VERSION = com.apple.compilers.llvm.clang.1_0;
				GCC_WARN_ABOUT_MISSING_PROTOTYPES = YES;
				GCC_WARN_ABOUT_RETURN_TYPE = YES;
				GCC_WARN_UNUSED_VARIABLE = YES;
				IPHONEOS_DEPLOYMENT_TARGET = 5.0;
				OTHER_CFLAGS = "-DNS_BLOCK_ASSERTIONS=1";
				SDKROOT = iphoneos;
				TARGETED_DEVICE_FAMILY = "1,2";
				VALIDATE_PRODUCT = YES;
			};
			name = Release;
		};
		A67D3D6E15126D5C00391EE5 /* Debug */ = {
			isa = XCBuildConfiguration;
			buildSettings = {
				FRAMEWORK_SEARCH_PATHS = (
					"$(inherited)",
					"\"$(SRCROOT)\"",
				);
				GCC_PRECOMPILE_PREFIX_HEADER = YES;
				GCC_PREFIX_HEADER = "IHPlus/IHPlus-Prefix.pch";
				INFOPLIST_FILE = "IHPlus/IHPlus-Info.plist";
				ONLY_ACTIVE_ARCH = NO;
				PRODUCT_NAME = "$(TARGET_NAME)";
				WRAPPER_EXTENSION = app;
			};
			name = Debug;
		};
		A67D3D6F15126D5C00391EE5 /* Release */ = {
			isa = XCBuildConfiguration;
			buildSettings = {
				FRAMEWORK_SEARCH_PATHS = (
					"$(inherited)",
					"\"$(SRCROOT)\"",
				);
				GCC_PRECOMPILE_PREFIX_HEADER = YES;
				GCC_PREFIX_HEADER = "IHPlus/IHPlus-Prefix.pch";
				INFOPLIST_FILE = "IHPlus/IHPlus-Info.plist";
				ONLY_ACTIVE_ARCH = NO;
				PRODUCT_NAME = "$(TARGET_NAME)";
				WRAPPER_EXTENSION = app;
			};
			name = Release;
		};
/* End XCBuildConfiguration section */

/* Begin XCConfigurationList section */
		A67D3D4615126D5C00391EE5 /* Build configuration list for PBXProject "IHPlus" */ = {
			isa = XCConfigurationList;
			buildConfigurations = (
				A67D3D6B15126D5C00391EE5 /* Debug */,
				A67D3D6C15126D5C00391EE5 /* Release */,
			);
			defaultConfigurationIsVisible = 0;
			defaultConfigurationName = Release;
		};
		A67D3D6D15126D5C00391EE5 /* Build configuration list for PBXNativeTarget "IHPlus" */ = {
			isa = XCConfigurationList;
			buildConfigurations = (
				A67D3D6E15126D5C00391EE5 /* Debug */,
				A67D3D6F15126D5C00391EE5 /* Release */,
			);
			defaultConfigurationIsVisible = 0;
			defaultConfigurationName = Release;
		};
/* End XCConfigurationList section */
	};
	rootObject = A67D3D4315126D5C00391EE5 /* Project object */;
}
