// !$*UTF8*$!
{
	archiveVersion = 1;
	classes = {
	};
	objectVersion = 46;
	objects = {

/* Begin PBXBuildFile section */
		A60BBAAA154213AB005E8EF0 /* libz.dylib in Frameworks */ = {isa = PBXBuildFile; fileRef = A687B48C1520D1D8004F08B0 /* libz.dylib */; };
		A60BBAAD1545FA3B005E8EF0 /* CompanionMapViewController.m in Sources */ = {isa = PBXBuildFile; fileRef = A60BBAAC1545FA3B005E8EF0 /* CompanionMapViewController.m */; };
		A60BBAAF15473F83005E8EF0 /* point.gpx in Resources */ = {isa = PBXBuildFile; fileRef = A60BBAAE15473F83005E8EF0 /* point.gpx */; };
		A60BBAB215484793005E8EF0 /* MainMapViewController.m in Sources */ = {isa = PBXBuildFile; fileRef = A60BBAB115484793005E8EF0 /* MainMapViewController.m */; };
		A627BA86152DF6CA0056A670 /* VistaCellNote.m in Sources */ = {isa = PBXBuildFile; fileRef = A627BA85152DF6CA0056A670 /* VistaCellNote.m */; };
		A627BAB0152E4BCB0056A670 /* black_gradient.png in Resources */ = {isa = PBXBuildFile; fileRef = A627BAAD152E4BC80056A670 /* black_gradient.png */; };
		A627BAB9152E4BE90056A670 /* search_hike_btn.png in Resources */ = {isa = PBXBuildFile; fileRef = A627BAB5152E4BE70056A670 /* search_hike_btn.png */; };
		A627BABA152E4BE90056A670 /* create_hike_btn.png in Resources */ = {isa = PBXBuildFile; fileRef = A627BAB6152E4BE80056A670 /* create_hike_btn.png */; };
		A627BABD152E4BF20056A670 /* search_hike_on_btn.png in Resources */ = {isa = PBXBuildFile; fileRef = A627BABB152E4BF00056A670 /* search_hike_on_btn.png */; };
		A627BABE152E4BF20056A670 /* create_hike_on_btn.png in Resources */ = {isa = PBXBuildFile; fileRef = A627BABC152E4BF10056A670 /* create_hike_on_btn.png */; };
		A63CAB691559C9AE00B40F30 /* icon.png in Resources */ = {isa = PBXBuildFile; fileRef = A63CAB681559C9AE00B40F30 /* icon.png */; };
		A63CAB6C1559C9E100B40F30 /* icon@2x.png in Resources */ = {isa = PBXBuildFile; fileRef = A63CAB6B1559C9E100B40F30 /* icon@2x.png */; };
		A63CAB6F155C530C00B40F30 /* about_screen_bkg_img@2x.png in Resources */ = {isa = PBXBuildFile; fileRef = A63CAB6D155C530C00B40F30 /* about_screen_bkg_img@2x.png */; };
		A63CAB70155C530C00B40F30 /* about_screen_bkg_img.png in Resources */ = {isa = PBXBuildFile; fileRef = A63CAB6E155C530C00B40F30 /* about_screen_bkg_img.png */; };
		A63CAB721561A0DB00B40F30 /* vista_actions.plist in Resources */ = {isa = PBXBuildFile; fileRef = A63CAB711561A0DB00B40F30 /* vista_actions.plist */; };
		A63CAB741561A2BA00B40F30 /* companion_actions.plist in Resources */ = {isa = PBXBuildFile; fileRef = A63CAB731561A2BA00B40F30 /* companion_actions.plist */; };
		A64C9408152E4CCA0090BD0D /* ScenicVista.m in Sources */ = {isa = PBXBuildFile; fileRef = A64C9404152E4CCA0090BD0D /* ScenicVista.m */; };
		A64C9409152E4CCA0090BD0D /* Hike.m in Sources */ = {isa = PBXBuildFile; fileRef = A64C9406152E4CCA0090BD0D /* Hike.m */; };
		A64C941A152E4CED0090BD0D /* HikeDetailsViewController.m in Sources */ = {isa = PBXBuildFile; fileRef = A64C940C152E4CED0090BD0D /* HikeDetailsViewController.m */; };
		A64C941D152E4CED0090BD0D /* SearchResultsController.m in Sources */ = {isa = PBXBuildFile; fileRef = A64C9410152E4CED0090BD0D /* SearchResultsController.m */; };
		A67D3D5115126D5C00391EE5 /* UIKit.framework in Frameworks */ = {isa = PBXBuildFile; fileRef = A67D3D5015126D5C00391EE5 /* UIKit.framework */; };
		A67D3D5315126D5C00391EE5 /* Foundation.framework in Frameworks */ = {isa = PBXBuildFile; fileRef = A67D3D5215126D5C00391EE5 /* Foundation.framework */; };
		A67D3D5515126D5C00391EE5 /* CoreGraphics.framework in Frameworks */ = {isa = PBXBuildFile; fileRef = A67D3D5415126D5C00391EE5 /* CoreGraphics.framework */; };
		A67D3D5B15126D5C00391EE5 /* InfoPlist.strings in Resources */ = {isa = PBXBuildFile; fileRef = A67D3D5915126D5C00391EE5 /* InfoPlist.strings */; };
		A67D3D5D15126D5C00391EE5 /* main.m in Sources */ = {isa = PBXBuildFile; fileRef = A67D3D5C15126D5C00391EE5 /* main.m */; };
		A67D3D6115126D5C00391EE5 /* AppDelegate.m in Sources */ = {isa = PBXBuildFile; fileRef = A67D3D6015126D5C00391EE5 /* AppDelegate.m */; };
		A67D3D6415126D5C00391EE5 /* MainStoryboard_iPhone.storyboard in Resources */ = {isa = PBXBuildFile; fileRef = A67D3D6215126D5C00391EE5 /* MainStoryboard_iPhone.storyboard */; };
		A67D3D6715126D5C00391EE5 /* MainStoryboard_iPad.storyboard in Resources */ = {isa = PBXBuildFile; fileRef = A67D3D6515126D5C00391EE5 /* MainStoryboard_iPad.storyboard */; };
		A67D3D791512998400391EE5 /* MapKit.framework in Frameworks */ = {isa = PBXBuildFile; fileRef = A67D3D781512998400391EE5 /* MapKit.framework */; };
		A67D3D8B1513AD8E00391EE5 /* SearchTableViewCell.m in Sources */ = {isa = PBXBuildFile; fileRef = A67D3D8A1513AD8E00391EE5 /* SearchTableViewCell.m */; };
		A6820D51155077200039C656 /* SystemConfiguration.framework in Frameworks */ = {isa = PBXBuildFile; fileRef = A6820D50155077200039C656 /* SystemConfiguration.framework */; };
		A6820D531551861C0039C656 /* BugSense-iOS.framework in Frameworks */ = {isa = PBXBuildFile; fileRef = A6820D521551861B0039C656 /* BugSense-iOS.framework */; };
		A6984D9A152F6EF7005934C4 /* MapViewController.m in Sources */ = {isa = PBXBuildFile; fileRef = A6984D9B152F6EF7005934C4 /* MapViewController.m */; };
		A6984DA0152F74EE005934C4 /* SearchViewController.m in Sources */ = {isa = PBXBuildFile; fileRef = A6984DA1152F74EE005934C4 /* SearchViewController.m */; };
		A6AB117815265FB20002D9EE /* hike_it_btn.png in Resources */ = {isa = PBXBuildFile; fileRef = A6AB117415265FB10002D9EE /* hike_it_btn.png */; };
		A6AB117A15265FB20002D9EE /* titlebar_logo.png in Resources */ = {isa = PBXBuildFile; fileRef = A6AB117615265FB20002D9EE /* titlebar_logo.png */; };
		A6AB117C1526603A0002D9EE /* view_it_btn.png in Resources */ = {isa = PBXBuildFile; fileRef = A6AB117B1526603A0002D9EE /* view_it_btn.png */; };
		A6C7A634154B08A100EBB216 /* titlebar_logo@2x.png in Resources */ = {isa = PBXBuildFile; fileRef = A6C7A62B154B08A100EBB216 /* titlebar_logo@2x.png */; };
		A6C7A635154B08A100EBB216 /* x-species_btn@2x.png in Resources */ = {isa = PBXBuildFile; fileRef = A6C7A62C154B08A100EBB216 /* x-species_btn@2x.png */; };
		A6C7A636154B08A100EBB216 /* search_hike_btn@2x.png in Resources */ = {isa = PBXBuildFile; fileRef = A6C7A62D154B08A100EBB216 /* search_hike_btn@2x.png */; };
		A6C7A637154B08A100EBB216 /* create_hike_btn@2x.png in Resources */ = {isa = PBXBuildFile; fileRef = A6C7A62E154B08A100EBB216 /* create_hike_btn@2x.png */; };
		A6C7A638154B08A100EBB216 /* x-species_on_btn@2x.png in Resources */ = {isa = PBXBuildFile; fileRef = A6C7A62F154B08A100EBB216 /* x-species_on_btn@2x.png */; };
		A6C7A639154B08A100EBB216 /* search_hike_on_btn@2x.png in Resources */ = {isa = PBXBuildFile; fileRef = A6C7A630154B08A100EBB216 /* search_hike_on_btn@2x.png */; };
		A6C7A63A154B08A100EBB216 /* create_hike_on_btn@2x.png in Resources */ = {isa = PBXBuildFile; fileRef = A6C7A631154B08A100EBB216 /* create_hike_on_btn@2x.png */; };
		A6C7A63B154B08A100EBB216 /* x-species_btn.png in Resources */ = {isa = PBXBuildFile; fileRef = A6C7A632154B08A100EBB216 /* x-species_btn.png */; };
		A6C7A63C154B08A100EBB216 /* x-species_on_btn.png in Resources */ = {isa = PBXBuildFile; fileRef = A6C7A633154B08A100EBB216 /* x-species_on_btn.png */; };
		A6D966331534D18F00255CC3 /* NoteModalController.m in Sources */ = {isa = PBXBuildFile; fileRef = A6D966321534D18F00255CC3 /* NoteModalController.m */; };
		A6D9663D1534E54600255CC3 /* MessageUI.framework in Frameworks */ = {isa = PBXBuildFile; fileRef = A6D9663C1534E54500255CC3 /* MessageUI.framework */; };
		A6D966401535EE5500255CC3 /* TextModalController.m in Sources */ = {isa = PBXBuildFile; fileRef = A6D9663F1535EE5500255CC3 /* TextModalController.m */; };
		A6D966511538C65400255CC3 /* UploadHikeController.m in Sources */ = {isa = PBXBuildFile; fileRef = A6D966501538C65400255CC3 /* UploadHikeController.m */; };
		A6EDACD71513D489000AFB60 /* CoreLocation.framework in Frameworks */ = {isa = PBXBuildFile; fileRef = A6EDACD61513D489000AFB60 /* CoreLocation.framework */; };
		A6EEBFF915503C340060641E /* Default@2x.png in Resources */ = {isa = PBXBuildFile; fileRef = A6EEBFF115503C340060641E /* Default@2x.png */; };
		A6EEBFFA15503C340060641E /* Default.png in Resources */ = {isa = PBXBuildFile; fileRef = A6EEBFF215503C340060641E /* Default.png */; };
		A6EEBFFB15503C340060641E /* go_btn@2x.png in Resources */ = {isa = PBXBuildFile; fileRef = A6EEBFF315503C340060641E /* go_btn@2x.png */; };
		A6EEBFFC15503C340060641E /* add_vista_btn@2x.png in Resources */ = {isa = PBXBuildFile; fileRef = A6EEBFF415503C340060641E /* add_vista_btn@2x.png */; };
		A6EEBFFD15503C340060641E /* add_vista_btn.png in Resources */ = {isa = PBXBuildFile; fileRef = A6EEBFF515503C340060641E /* add_vista_btn.png */; };
		A6EEBFFE15503C340060641E /* go_btn.png in Resources */ = {isa = PBXBuildFile; fileRef = A6EEBFF615503C340060641E /* go_btn.png */; };
		A6EEC00015503C340060641E /* your_location_btn.png in Resources */ = {isa = PBXBuildFile; fileRef = A6EEBFF815503C340060641E /* your_location_btn.png */; };
		A6EEC00D15503C500060641E /* GetDirectionsDelegate.m in Sources */ = {isa = PBXBuildFile; fileRef = A6EEC00515503C500060641E /* GetDirectionsDelegate.m */; };
		A6EEC00E15503C500060641E /* RewalkHikeDelegate.m in Sources */ = {isa = PBXBuildFile; fileRef = A6EEC00615503C500060641E /* RewalkHikeDelegate.m */; };
		A6EEC00F15503C500060641E /* UploadHikeDelegate.m in Sources */ = {isa = PBXBuildFile; fileRef = A6EEC00715503C500060641E /* UploadHikeDelegate.m */; };
		A6EEC01015503C500060641E /* VistaActionsDelegate.m in Sources */ = {isa = PBXBuildFile; fileRef = A6EEC00815503C500060641E /* VistaActionsDelegate.m */; };
		A6EEC01715503C670060641E /* Constants.m in Sources */ = {isa = PBXBuildFile; fileRef = A6EEC01215503C670060641E /* Constants.m */; };
		A6EEC01815503C670060641E /* Toast+UIView.m in Sources */ = {isa = PBXBuildFile; fileRef = A6EEC01315503C670060641E /* Toast+UIView.m */; settings = {COMPILER_FLAGS = "-fno-objc-arc"; }; };
		A6EEC01915503C670060641E /* ImageLoader.m in Sources */ = {isa = PBXBuildFile; fileRef = A6EEC01515503C670060641E /* ImageLoader.m */; };
		A6EEC01C15503C7F0060641E /* CreditsViewController.m in Sources */ = {isa = PBXBuildFile; fileRef = A6EEC01A15503C7F0060641E /* CreditsViewController.m */; };
		E12350B4156D14340006DF2F /* scenic_vista_point.png in Resources */ = {isa = PBXBuildFile; fileRef = E12350B3156D14340006DF2F /* scenic_vista_point.png */; };
		E12350B6156E5B2A0006DF2F /* scenic_vista_point@2x.png in Resources */ = {isa = PBXBuildFile; fileRef = E12350B5156E5B2A0006DF2F /* scenic_vista_point@2x.png */; };
		E12350BB156FDEBA0006DF2F /* companion_search_result_img.png in Resources */ = {isa = PBXBuildFile; fileRef = E12350B7156FDEBA0006DF2F /* companion_search_result_img.png */; };
		E12350BC156FDEBA0006DF2F /* companion_search_result_img@2x.png in Resources */ = {isa = PBXBuildFile; fileRef = E12350B8156FDEBA0006DF2F /* companion_search_result_img@2x.png */; };
		E12350BD156FDEBA0006DF2F /* standard_search_result_img.png in Resources */ = {isa = PBXBuildFile; fileRef = E12350B9156FDEBA0006DF2F /* standard_search_result_img.png */; };
		E12350BE156FDEBA0006DF2F /* standard_search_result_img@2x.png in Resources */ = {isa = PBXBuildFile; fileRef = E12350BA156FDEBA0006DF2F /* standard_search_result_img@2x.png */; };
		E1C0D524152DC7C0009A1F8D /* VistaCellPhoto.m in Sources */ = {isa = PBXBuildFile; fileRef = E1C0D523152DC7C0009A1F8D /* VistaCellPhoto.m */; };
		E1C0D527152DC970009A1F8D /* VistaCell.m in Sources */ = {isa = PBXBuildFile; fileRef = E1C0D526152DC970009A1F8D /* VistaCell.m */; };
		E1C994B315695A3300653B98 /* black_gradient@2x.png in Resources */ = {isa = PBXBuildFile; fileRef = E1C994AF15695A3300653B98 /* black_gradient@2x.png */; };
		E1C994B415695A3300653B98 /* hike_it_btn@2x.png in Resources */ = {isa = PBXBuildFile; fileRef = E1C994B015695A3300653B98 /* hike_it_btn@2x.png */; };
		E1C994B515695A3300653B98 /* view_it_btn@2x.png in Resources */ = {isa = PBXBuildFile; fileRef = E1C994B115695A3300653B98 /* view_it_btn@2x.png */; };
		E1C994B615695A3300653B98 /* your_location_btn@2x.png in Resources */ = {isa = PBXBuildFile; fileRef = E1C994B215695A3300653B98 /* your_location_btn@2x.png */; };
		E1C994B81569AE6F00653B98 /* AssetsLibrary.framework in Frameworks */ = {isa = PBXBuildFile; fileRef = E1C994B71569AE6F00653B98 /* AssetsLibrary.framework */; };
/* End PBXBuildFile section */

/* Begin PBXFileReference section */
		A60BBAAB1545FA3B005E8EF0 /* CompanionMapViewController.h */ = {isa = PBXFileReference; fileEncoding = 4; lastKnownFileType = sourcecode.c.h; name = CompanionMapViewController.h; path = "View Controllers/CompanionMapViewController.h"; sourceTree = "<group>"; };
		A60BBAAC1545FA3B005E8EF0 /* CompanionMapViewController.m */ = {isa = PBXFileReference; fileEncoding = 4; lastKnownFileType = sourcecode.c.objc; name = CompanionMapViewController.m; path = "View Controllers/CompanionMapViewController.m"; sourceTree = "<group>"; };
		A60BBAAE15473F83005E8EF0 /* point.gpx */ = {isa = PBXFileReference; fileEncoding = 4; lastKnownFileType = text.xml; path = point.gpx; sourceTree = "<group>"; };
		A60BBAB015484793005E8EF0 /* MainMapViewController.h */ = {isa = PBXFileReference; fileEncoding = 4; lastKnownFileType = sourcecode.c.h; name = MainMapViewController.h; path = "View Controllers/MainMapViewController.h"; sourceTree = "<group>"; };
		A60BBAB115484793005E8EF0 /* MainMapViewController.m */ = {isa = PBXFileReference; fileEncoding = 4; lastKnownFileType = sourcecode.c.objc; name = MainMapViewController.m; path = "View Controllers/MainMapViewController.m"; sourceTree = "<group>"; };
		A627BA84152DF6CA0056A670 /* VistaCellNote.h */ = {isa = PBXFileReference; fileEncoding = 4; lastKnownFileType = sourcecode.c.h; path = VistaCellNote.h; sourceTree = "<group>"; };
		A627BA85152DF6CA0056A670 /* VistaCellNote.m */ = {isa = PBXFileReference; fileEncoding = 4; lastKnownFileType = sourcecode.c.objc; path = VistaCellNote.m; sourceTree = "<group>"; };
		A627BAAD152E4BC80056A670 /* black_gradient.png */ = {isa = PBXFileReference; lastKnownFileType = image.png; name = black_gradient.png; path = Assets/black_gradient.png; sourceTree = "<group>"; };
		A627BAB5152E4BE70056A670 /* search_hike_btn.png */ = {isa = PBXFileReference; lastKnownFileType = image.png; name = search_hike_btn.png; path = Assets/search_hike_btn.png; sourceTree = "<group>"; };
		A627BAB6152E4BE80056A670 /* create_hike_btn.png */ = {isa = PBXFileReference; lastKnownFileType = image.png; name = create_hike_btn.png; path = Assets/create_hike_btn.png; sourceTree = "<group>"; };
		A627BABB152E4BF00056A670 /* search_hike_on_btn.png */ = {isa = PBXFileReference; lastKnownFileType = image.png; name = search_hike_on_btn.png; path = Assets/search_hike_on_btn.png; sourceTree = "<group>"; };
		A627BABC152E4BF10056A670 /* create_hike_on_btn.png */ = {isa = PBXFileReference; lastKnownFileType = image.png; name = create_hike_on_btn.png; path = Assets/create_hike_on_btn.png; sourceTree = "<group>"; };
		A63CAB681559C9AE00B40F30 /* icon.png */ = {isa = PBXFileReference; lastKnownFileType = image.png; name = icon.png; path = ../icon.png; sourceTree = "<group>"; };
		A63CAB6B1559C9E100B40F30 /* icon@2x.png */ = {isa = PBXFileReference; lastKnownFileType = image.png; name = "icon@2x.png"; path = "../icon@2x.png"; sourceTree = "<group>"; };
		A63CAB6D155C530C00B40F30 /* about_screen_bkg_img@2x.png */ = {isa = PBXFileReference; lastKnownFileType = image.png; name = "about_screen_bkg_img@2x.png"; path = "Assets/about_screen_bkg_img@2x.png"; sourceTree = "<group>"; };
		A63CAB6E155C530C00B40F30 /* about_screen_bkg_img.png */ = {isa = PBXFileReference; lastKnownFileType = image.png; name = about_screen_bkg_img.png; path = Assets/about_screen_bkg_img.png; sourceTree = "<group>"; };
		A63CAB711561A0DB00B40F30 /* vista_actions.plist */ = {isa = PBXFileReference; fileEncoding = 4; lastKnownFileType = text.plist.xml; path = vista_actions.plist; sourceTree = "<group>"; };
		A63CAB731561A2BA00B40F30 /* companion_actions.plist */ = {isa = PBXFileReference; fileEncoding = 4; lastKnownFileType = text.plist.xml; path = companion_actions.plist; sourceTree = "<group>"; };
		A64C9404152E4CCA0090BD0D /* ScenicVista.m */ = {isa = PBXFileReference; fileEncoding = 4; lastKnownFileType = sourcecode.c.objc; name = ScenicVista.m; path = Models/ScenicVista.m; sourceTree = "<group>"; };
		A64C9405152E4CCA0090BD0D /* ScenicVista.h */ = {isa = PBXFileReference; fileEncoding = 4; lastKnownFileType = sourcecode.c.h; name = ScenicVista.h; path = Models/ScenicVista.h; sourceTree = "<group>"; };
		A64C9406152E4CCA0090BD0D /* Hike.m */ = {isa = PBXFileReference; fileEncoding = 4; lastKnownFileType = sourcecode.c.objc; name = Hike.m; path = Models/Hike.m; sourceTree = "<group>"; };
		A64C9407152E4CCA0090BD0D /* Hike.h */ = {isa = PBXFileReference; fileEncoding = 4; lastKnownFileType = sourcecode.c.h; name = Hike.h; path = Models/Hike.h; sourceTree = "<group>"; };
		A64C940C152E4CED0090BD0D /* HikeDetailsViewController.m */ = {isa = PBXFileReference; fileEncoding = 4; lastKnownFileType = sourcecode.c.objc; name = HikeDetailsViewController.m; path = "View Controllers/HikeDetailsViewController.m"; sourceTree = "<group>"; };
		A64C940E152E4CED0090BD0D /* HikeDetailsViewController.h */ = {isa = PBXFileReference; fileEncoding = 4; lastKnownFileType = sourcecode.c.h; name = HikeDetailsViewController.h; path = "View Controllers/HikeDetailsViewController.h"; sourceTree = "<group>"; };
		A64C9410152E4CED0090BD0D /* SearchResultsController.m */ = {isa = PBXFileReference; fileEncoding = 4; lastKnownFileType = sourcecode.c.objc; name = SearchResultsController.m; path = "View Controllers/SearchResultsController.m"; sourceTree = "<group>"; };
		A64C9412152E4CED0090BD0D /* SearchResultsController.h */ = {isa = PBXFileReference; fileEncoding = 4; lastKnownFileType = sourcecode.c.h; name = SearchResultsController.h; path = "View Controllers/SearchResultsController.h"; sourceTree = "<group>"; };
		A64C9413152E4CED0090BD0D /* SearchViewController.h */ = {isa = PBXFileReference; fileEncoding = 4; lastKnownFileType = sourcecode.c.h; name = SearchViewController.h; path = "View Controllers/SearchViewController.h"; sourceTree = "<group>"; };
		A64C9414152E4CED0090BD0D /* MapViewController.h */ = {isa = PBXFileReference; fileEncoding = 4; lastKnownFileType = sourcecode.c.h; name = MapViewController.h; path = "View Controllers/MapViewController.h"; sourceTree = "<group>"; };
		A67D3D4C15126D5C00391EE5 /* IHPlus.app */ = {isa = PBXFileReference; explicitFileType = wrapper.application; includeInIndex = 0; path = IHPlus.app; sourceTree = BUILT_PRODUCTS_DIR; };
		A67D3D5015126D5C00391EE5 /* UIKit.framework */ = {isa = PBXFileReference; lastKnownFileType = wrapper.framework; name = UIKit.framework; path = System/Library/Frameworks/UIKit.framework; sourceTree = SDKROOT; };
		A67D3D5215126D5C00391EE5 /* Foundation.framework */ = {isa = PBXFileReference; lastKnownFileType = wrapper.framework; name = Foundation.framework; path = System/Library/Frameworks/Foundation.framework; sourceTree = SDKROOT; };
		A67D3D5415126D5C00391EE5 /* CoreGraphics.framework */ = {isa = PBXFileReference; lastKnownFileType = wrapper.framework; name = CoreGraphics.framework; path = System/Library/Frameworks/CoreGraphics.framework; sourceTree = SDKROOT; };
		A67D3D5815126D5C00391EE5 /* IHPlus-Info.plist */ = {isa = PBXFileReference; lastKnownFileType = text.plist.xml; path = "IHPlus-Info.plist"; sourceTree = "<group>"; };
		A67D3D5A15126D5C00391EE5 /* en */ = {isa = PBXFileReference; lastKnownFileType = text.plist.strings; name = en; path = en.lproj/InfoPlist.strings; sourceTree = "<group>"; };
		A67D3D5C15126D5C00391EE5 /* main.m */ = {isa = PBXFileReference; lastKnownFileType = sourcecode.c.objc; path = main.m; sourceTree = "<group>"; };
		A67D3D5E15126D5C00391EE5 /* IHPlus-Prefix.pch */ = {isa = PBXFileReference; lastKnownFileType = sourcecode.c.h; path = "IHPlus-Prefix.pch"; sourceTree = "<group>"; };
		A67D3D5F15126D5C00391EE5 /* AppDelegate.h */ = {isa = PBXFileReference; lastKnownFileType = sourcecode.c.h; path = AppDelegate.h; sourceTree = "<group>"; };
		A67D3D6015126D5C00391EE5 /* AppDelegate.m */ = {isa = PBXFileReference; lastKnownFileType = sourcecode.c.objc; path = AppDelegate.m; sourceTree = "<group>"; };
		A67D3D6315126D5C00391EE5 /* en */ = {isa = PBXFileReference; lastKnownFileType = file.storyboard; name = en; path = en.lproj/MainStoryboard_iPhone.storyboard; sourceTree = "<group>"; };
		A67D3D6615126D5C00391EE5 /* en */ = {isa = PBXFileReference; lastKnownFileType = file.storyboard; name = en; path = en.lproj/MainStoryboard_iPad.storyboard; sourceTree = "<group>"; };
		A67D3D781512998400391EE5 /* MapKit.framework */ = {isa = PBXFileReference; lastKnownFileType = wrapper.framework; name = MapKit.framework; path = System/Library/Frameworks/MapKit.framework; sourceTree = SDKROOT; };
		A67D3D891513AD8E00391EE5 /* SearchTableViewCell.h */ = {isa = PBXFileReference; fileEncoding = 4; lastKnownFileType = sourcecode.c.h; path = SearchTableViewCell.h; sourceTree = "<group>"; };
		A67D3D8A1513AD8E00391EE5 /* SearchTableViewCell.m */ = {isa = PBXFileReference; fileEncoding = 4; lastKnownFileType = sourcecode.c.objc; path = SearchTableViewCell.m; sourceTree = "<group>"; };
		A6820D50155077200039C656 /* SystemConfiguration.framework */ = {isa = PBXFileReference; lastKnownFileType = wrapper.framework; name = SystemConfiguration.framework; path = System/Library/Frameworks/SystemConfiguration.framework; sourceTree = SDKROOT; };
		A6820D521551861B0039C656 /* BugSense-iOS.framework */ = {isa = PBXFileReference; lastKnownFileType = wrapper.framework; name = "BugSense-iOS.framework"; path = "IHPlus/BugSense-iOS.framework"; sourceTree = "<group>"; };
		A687B48C1520D1D8004F08B0 /* libz.dylib */ = {isa = PBXFileReference; lastKnownFileType = "compiled.mach-o.dylib"; name = libz.dylib; path = usr/lib/libz.dylib; sourceTree = SDKROOT; };
		A6984D9B152F6EF7005934C4 /* MapViewController.m */ = {isa = PBXFileReference; lastKnownFileType = sourcecode.c.objc; name = MapViewController.m; path = "View Controllers/MapViewController.m"; sourceTree = "<group>"; };
		A6984DA1152F74EE005934C4 /* SearchViewController.m */ = {isa = PBXFileReference; lastKnownFileType = sourcecode.c.objc; name = SearchViewController.m; path = "View Controllers/SearchViewController.m"; sourceTree = "<group>"; };
		A6AB117415265FB10002D9EE /* hike_it_btn.png */ = {isa = PBXFileReference; lastKnownFileType = image.png; name = hike_it_btn.png; path = Assets/hike_it_btn.png; sourceTree = "<group>"; };
		A6AB117615265FB20002D9EE /* titlebar_logo.png */ = {isa = PBXFileReference; lastKnownFileType = image.png; name = titlebar_logo.png; path = Assets/titlebar_logo.png; sourceTree = "<group>"; };
		A6AB117B1526603A0002D9EE /* view_it_btn.png */ = {isa = PBXFileReference; lastKnownFileType = image.png; name = view_it_btn.png; path = Assets/view_it_btn.png; sourceTree = "<group>"; };
		A6C7A62B154B08A100EBB216 /* titlebar_logo@2x.png */ = {isa = PBXFileReference; lastKnownFileType = image.png; name = "titlebar_logo@2x.png"; path = "Assets/titlebar_logo@2x.png"; sourceTree = "<group>"; };
		A6C7A62C154B08A100EBB216 /* x-species_btn@2x.png */ = {isa = PBXFileReference; lastKnownFileType = image.png; name = "x-species_btn@2x.png"; path = "Assets/x-species_btn@2x.png"; sourceTree = "<group>"; };
		A6C7A62D154B08A100EBB216 /* search_hike_btn@2x.png */ = {isa = PBXFileReference; lastKnownFileType = image.png; name = "search_hike_btn@2x.png"; path = "Assets/search_hike_btn@2x.png"; sourceTree = "<group>"; };
		A6C7A62E154B08A100EBB216 /* create_hike_btn@2x.png */ = {isa = PBXFileReference; lastKnownFileType = image.png; name = "create_hike_btn@2x.png"; path = "Assets/create_hike_btn@2x.png"; sourceTree = "<group>"; };
		A6C7A62F154B08A100EBB216 /* x-species_on_btn@2x.png */ = {isa = PBXFileReference; lastKnownFileType = image.png; name = "x-species_on_btn@2x.png"; path = "Assets/x-species_on_btn@2x.png"; sourceTree = "<group>"; };
		A6C7A630154B08A100EBB216 /* search_hike_on_btn@2x.png */ = {isa = PBXFileReference; lastKnownFileType = image.png; name = "search_hike_on_btn@2x.png"; path = "Assets/search_hike_on_btn@2x.png"; sourceTree = "<group>"; };
		A6C7A631154B08A100EBB216 /* create_hike_on_btn@2x.png */ = {isa = PBXFileReference; lastKnownFileType = image.png; name = "create_hike_on_btn@2x.png"; path = "Assets/create_hike_on_btn@2x.png"; sourceTree = "<group>"; };
		A6C7A632154B08A100EBB216 /* x-species_btn.png */ = {isa = PBXFileReference; lastKnownFileType = image.png; name = "x-species_btn.png"; path = "Assets/x-species_btn.png"; sourceTree = "<group>"; };
		A6C7A633154B08A100EBB216 /* x-species_on_btn.png */ = {isa = PBXFileReference; lastKnownFileType = image.png; name = "x-species_on_btn.png"; path = "Assets/x-species_on_btn.png"; sourceTree = "<group>"; };
		A6D9662815335FFF00255CC3 /* sample_hike.gpx */ = {isa = PBXFileReference; lastKnownFileType = text.xml; name = sample_hike.gpx; path = IHPlus/sample_hike.gpx; sourceTree = "<group>"; };
		A6D966311534D18F00255CC3 /* NoteModalController.h */ = {isa = PBXFileReference; fileEncoding = 4; lastKnownFileType = sourcecode.c.h; name = NoteModalController.h; path = "View Controllers/NoteModalController.h"; sourceTree = "<group>"; };
		A6D966321534D18F00255CC3 /* NoteModalController.m */ = {isa = PBXFileReference; fileEncoding = 4; lastKnownFileType = sourcecode.c.objc; name = NoteModalController.m; path = "View Controllers/NoteModalController.m"; sourceTree = "<group>"; };
		A6D9663C1534E54500255CC3 /* MessageUI.framework */ = {isa = PBXFileReference; lastKnownFileType = wrapper.framework; name = MessageUI.framework; path = System/Library/Frameworks/MessageUI.framework; sourceTree = SDKROOT; };
		A6D9663E1535EE5400255CC3 /* TextModalController.h */ = {isa = PBXFileReference; fileEncoding = 4; lastKnownFileType = sourcecode.c.h; name = TextModalController.h; path = "View Controllers/TextModalController.h"; sourceTree = "<group>"; };
		A6D9663F1535EE5500255CC3 /* TextModalController.m */ = {isa = PBXFileReference; fileEncoding = 4; lastKnownFileType = sourcecode.c.objc; name = TextModalController.m; path = "View Controllers/TextModalController.m"; sourceTree = "<group>"; };
		A6D9664F1538C65300255CC3 /* UploadHikeController.h */ = {isa = PBXFileReference; fileEncoding = 4; lastKnownFileType = sourcecode.c.h; name = UploadHikeController.h; path = "View Controllers/UploadHikeController.h"; sourceTree = "<group>"; };
		A6D966501538C65400255CC3 /* UploadHikeController.m */ = {isa = PBXFileReference; fileEncoding = 4; lastKnownFileType = sourcecode.c.objc; name = UploadHikeController.m; path = "View Controllers/UploadHikeController.m"; sourceTree = "<group>"; };
		A6EDACD61513D489000AFB60 /* CoreLocation.framework */ = {isa = PBXFileReference; lastKnownFileType = wrapper.framework; name = CoreLocation.framework; path = System/Library/Frameworks/CoreLocation.framework; sourceTree = SDKROOT; };
		A6EEBFF115503C340060641E /* Default@2x.png */ = {isa = PBXFileReference; lastKnownFileType = image.png; name = "Default@2x.png"; path = "Assets/Default@2x.png"; sourceTree = "<group>"; };
		A6EEBFF215503C340060641E /* Default.png */ = {isa = PBXFileReference; lastKnownFileType = image.png; name = Default.png; path = Assets/Default.png; sourceTree = "<group>"; };
		A6EEBFF315503C340060641E /* go_btn@2x.png */ = {isa = PBXFileReference; lastKnownFileType = image.png; name = "go_btn@2x.png"; path = "Assets/go_btn@2x.png"; sourceTree = "<group>"; };
		A6EEBFF415503C340060641E /* add_vista_btn@2x.png */ = {isa = PBXFileReference; lastKnownFileType = image.png; name = "add_vista_btn@2x.png"; path = "Assets/add_vista_btn@2x.png"; sourceTree = "<group>"; };
		A6EEBFF515503C340060641E /* add_vista_btn.png */ = {isa = PBXFileReference; lastKnownFileType = image.png; name = add_vista_btn.png; path = Assets/add_vista_btn.png; sourceTree = "<group>"; };
		A6EEBFF615503C340060641E /* go_btn.png */ = {isa = PBXFileReference; lastKnownFileType = image.png; name = go_btn.png; path = Assets/go_btn.png; sourceTree = "<group>"; };
		A6EEBFF815503C340060641E /* your_location_btn.png */ = {isa = PBXFileReference; lastKnownFileType = image.png; name = your_location_btn.png; path = Assets/your_location_btn.png; sourceTree = "<group>"; };
		A6EEC00515503C500060641E /* GetDirectionsDelegate.m */ = {isa = PBXFileReference; fileEncoding = 4; lastKnownFileType = sourcecode.c.objc; name = GetDirectionsDelegate.m; path = Delegates/GetDirectionsDelegate.m; sourceTree = "<group>"; };
		A6EEC00615503C500060641E /* RewalkHikeDelegate.m */ = {isa = PBXFileReference; fileEncoding = 4; lastKnownFileType = sourcecode.c.objc; name = RewalkHikeDelegate.m; path = Delegates/RewalkHikeDelegate.m; sourceTree = "<group>"; };
		A6EEC00715503C500060641E /* UploadHikeDelegate.m */ = {isa = PBXFileReference; fileEncoding = 4; lastKnownFileType = sourcecode.c.objc; name = UploadHikeDelegate.m; path = Delegates/UploadHikeDelegate.m; sourceTree = "<group>"; };
		A6EEC00815503C500060641E /* VistaActionsDelegate.m */ = {isa = PBXFileReference; fileEncoding = 4; lastKnownFileType = sourcecode.c.objc; name = VistaActionsDelegate.m; path = Delegates/VistaActionsDelegate.m; sourceTree = "<group>"; };
		A6EEC00915503C500060641E /* VistaActionsDelegate.h */ = {isa = PBXFileReference; fileEncoding = 4; lastKnownFileType = sourcecode.c.h; name = VistaActionsDelegate.h; path = Delegates/VistaActionsDelegate.h; sourceTree = "<group>"; };
		A6EEC00A15503C500060641E /* RewalkHikeDelegate.h */ = {isa = PBXFileReference; fileEncoding = 4; lastKnownFileType = sourcecode.c.h; name = RewalkHikeDelegate.h; path = Delegates/RewalkHikeDelegate.h; sourceTree = "<group>"; };
		A6EEC00B15503C500060641E /* UploadHikeDelegate.h */ = {isa = PBXFileReference; fileEncoding = 4; lastKnownFileType = sourcecode.c.h; name = UploadHikeDelegate.h; path = Delegates/UploadHikeDelegate.h; sourceTree = "<group>"; };
		A6EEC00C15503C500060641E /* GetDirectionsDelegate.h */ = {isa = PBXFileReference; fileEncoding = 4; lastKnownFileType = sourcecode.c.h; name = GetDirectionsDelegate.h; path = Delegates/GetDirectionsDelegate.h; sourceTree = "<group>"; };
		A6EEC01115503C670060641E /* Constants.h */ = {isa = PBXFileReference; fileEncoding = 4; lastKnownFileType = sourcecode.c.h; name = Constants.h; path = Utils/Constants.h; sourceTree = "<group>"; };
		A6EEC01215503C670060641E /* Constants.m */ = {isa = PBXFileReference; fileEncoding = 4; lastKnownFileType = sourcecode.c.objc; name = Constants.m; path = Utils/Constants.m; sourceTree = "<group>"; };
		A6EEC01315503C670060641E /* Toast+UIView.m */ = {isa = PBXFileReference; fileEncoding = 4; lastKnownFileType = sourcecode.c.objc; name = "Toast+UIView.m"; path = "Utils/Toast+UIView.m"; sourceTree = "<group>"; };
		A6EEC01415503C670060641E /* Toast+UIView.h */ = {isa = PBXFileReference; fileEncoding = 4; lastKnownFileType = sourcecode.c.h; name = "Toast+UIView.h"; path = "Utils/Toast+UIView.h"; sourceTree = "<group>"; };
		A6EEC01515503C670060641E /* ImageLoader.m */ = {isa = PBXFileReference; fileEncoding = 4; lastKnownFileType = sourcecode.c.objc; name = ImageLoader.m; path = Utils/ImageLoader.m; sourceTree = "<group>"; };
		A6EEC01615503C670060641E /* ImageLoader.h */ = {isa = PBXFileReference; fileEncoding = 4; lastKnownFileType = sourcecode.c.h; name = ImageLoader.h; path = Utils/ImageLoader.h; sourceTree = "<group>"; };
		A6EEC01A15503C7F0060641E /* CreditsViewController.m */ = {isa = PBXFileReference; fileEncoding = 4; lastKnownFileType = sourcecode.c.objc; name = CreditsViewController.m; path = "View Controllers/CreditsViewController.m"; sourceTree = "<group>"; };
		A6EEC01B15503C7F0060641E /* CreditsViewController.h */ = {isa = PBXFileReference; fileEncoding = 4; lastKnownFileType = sourcecode.c.h; name = CreditsViewController.h; path = "View Controllers/CreditsViewController.h"; sourceTree = "<group>"; };
		E12350B3156D14340006DF2F /* scenic_vista_point.png */ = {isa = PBXFileReference; lastKnownFileType = image.png; name = scenic_vista_point.png; path = Assets/scenic_vista_point.png; sourceTree = "<group>"; };
		E12350B5156E5B2A0006DF2F /* scenic_vista_point@2x.png */ = {isa = PBXFileReference; lastKnownFileType = image.png; name = "scenic_vista_point@2x.png"; path = "Assets/scenic_vista_point@2x.png"; sourceTree = "<group>"; };
		E12350B7156FDEBA0006DF2F /* companion_search_result_img.png */ = {isa = PBXFileReference; lastKnownFileType = image.png; name = companion_search_result_img.png; path = Assets/companion_search_result_img.png; sourceTree = "<group>"; };
		E12350B8156FDEBA0006DF2F /* companion_search_result_img@2x.png */ = {isa = PBXFileReference; lastKnownFileType = image.png; name = "companion_search_result_img@2x.png"; path = "Assets/companion_search_result_img@2x.png"; sourceTree = "<group>"; };
		E12350B9156FDEBA0006DF2F /* standard_search_result_img.png */ = {isa = PBXFileReference; lastKnownFileType = image.png; name = standard_search_result_img.png; path = Assets/standard_search_result_img.png; sourceTree = "<group>"; };
		E12350BA156FDEBA0006DF2F /* standard_search_result_img@2x.png */ = {isa = PBXFileReference; lastKnownFileType = image.png; name = "standard_search_result_img@2x.png"; path = "Assets/standard_search_result_img@2x.png"; sourceTree = "<group>"; };
		E1C0D522152DC7C0009A1F8D /* VistaCellPhoto.h */ = {isa = PBXFileReference; fileEncoding = 4; lastKnownFileType = sourcecode.c.h; path = VistaCellPhoto.h; sourceTree = "<group>"; };
		E1C0D523152DC7C0009A1F8D /* VistaCellPhoto.m */ = {isa = PBXFileReference; fileEncoding = 4; lastKnownFileType = sourcecode.c.objc; path = VistaCellPhoto.m; sourceTree = "<group>"; };
		E1C0D525152DC970009A1F8D /* VistaCell.h */ = {isa = PBXFileReference; fileEncoding = 4; lastKnownFileType = sourcecode.c.h; path = VistaCell.h; sourceTree = "<group>"; };
		E1C0D526152DC970009A1F8D /* VistaCell.m */ = {isa = PBXFileReference; fileEncoding = 4; lastKnownFileType = sourcecode.c.objc; path = VistaCell.m; sourceTree = "<group>"; };
		E1C994AF15695A3300653B98 /* black_gradient@2x.png */ = {isa = PBXFileReference; lastKnownFileType = image.png; name = "black_gradient@2x.png"; path = "Assets/black_gradient@2x.png"; sourceTree = "<group>"; };
		E1C994B015695A3300653B98 /* hike_it_btn@2x.png */ = {isa = PBXFileReference; lastKnownFileType = image.png; name = "hike_it_btn@2x.png"; path = "Assets/hike_it_btn@2x.png"; sourceTree = "<group>"; };
		E1C994B115695A3300653B98 /* view_it_btn@2x.png */ = {isa = PBXFileReference; lastKnownFileType = image.png; name = "view_it_btn@2x.png"; path = "Assets/view_it_btn@2x.png"; sourceTree = "<group>"; };
		E1C994B215695A3300653B98 /* your_location_btn@2x.png */ = {isa = PBXFileReference; lastKnownFileType = image.png; name = "your_location_btn@2x.png"; path = "Assets/your_location_btn@2x.png"; sourceTree = "<group>"; };
		E1C994B71569AE6F00653B98 /* AssetsLibrary.framework */ = {isa = PBXFileReference; lastKnownFileType = wrapper.framework; name = AssetsLibrary.framework; path = System/Library/Frameworks/AssetsLibrary.framework; sourceTree = SDKROOT; };
/* End PBXFileReference section */

/* Begin PBXFrameworksBuildPhase section */
		A67D3D4915126D5C00391EE5 /* Frameworks */ = {
			isa = PBXFrameworksBuildPhase;
			buildActionMask = 2147483647;
			files = (
				E1C994B81569AE6F00653B98 /* AssetsLibrary.framework in Frameworks */,
				A6820D531551861C0039C656 /* BugSense-iOS.framework in Frameworks */,
				A6820D51155077200039C656 /* SystemConfiguration.framework in Frameworks */,
				A60BBAAA154213AB005E8EF0 /* libz.dylib in Frameworks */,
				A6D9663D1534E54600255CC3 /* MessageUI.framework in Frameworks */,
				A6EDACD71513D489000AFB60 /* CoreLocation.framework in Frameworks */,
				A67D3D791512998400391EE5 /* MapKit.framework in Frameworks */,
				A67D3D5115126D5C00391EE5 /* UIKit.framework in Frameworks */,
				A67D3D5315126D5C00391EE5 /* Foundation.framework in Frameworks */,
				A67D3D5515126D5C00391EE5 /* CoreGraphics.framework in Frameworks */,
			);
			runOnlyForDeploymentPostprocessing = 0;
		};
/* End PBXFrameworksBuildPhase section */

/* Begin PBXGroup section */
		A60BBAB615487BE6005E8EF0 /* Util */ = {
			isa = PBXGroup;
			children = (
				A6EEC01115503C670060641E /* Constants.h */,
				A6EEC01215503C670060641E /* Constants.m */,
				A6EEC01315503C670060641E /* Toast+UIView.m */,
				A6EEC01415503C670060641E /* Toast+UIView.h */,
				A6EEC01515503C670060641E /* ImageLoader.m */,
				A6EEC01615503C670060641E /* ImageLoader.h */,
			);
			name = Util;
			sourceTree = "<group>";
		};
		A67D3D4115126D5C00391EE5 = {
			isa = PBXGroup;
			children = (
				E1C994B71569AE6F00653B98 /* AssetsLibrary.framework */,
				A6820D521551861B0039C656 /* BugSense-iOS.framework */,
				A6820D50155077200039C656 /* SystemConfiguration.framework */,
				A60BBAAE15473F83005E8EF0 /* point.gpx */,
				A6D9663C1534E54500255CC3 /* MessageUI.framework */,
				A6D9662815335FFF00255CC3 /* sample_hike.gpx */,
				A687B48C1520D1D8004F08B0 /* libz.dylib */,
				A6EDACD61513D489000AFB60 /* CoreLocation.framework */,
				A67D3D781512998400391EE5 /* MapKit.framework */,
				A67D3D5615126D5C00391EE5 /* IHPlus */,
				A67D3D4F15126D5C00391EE5 /* Frameworks */,
				A67D3D4D15126D5C00391EE5 /* Products */,
			);
			sourceTree = "<group>";
		};
		A67D3D4D15126D5C00391EE5 /* Products */ = {
			isa = PBXGroup;
			children = (
				A67D3D4C15126D5C00391EE5 /* IHPlus.app */,
			);
			name = Products;
			sourceTree = "<group>";
		};
		A67D3D4F15126D5C00391EE5 /* Frameworks */ = {
			isa = PBXGroup;
			children = (
				A67D3D5015126D5C00391EE5 /* UIKit.framework */,
				A67D3D5215126D5C00391EE5 /* Foundation.framework */,
				A67D3D5415126D5C00391EE5 /* CoreGraphics.framework */,
			);
			name = Frameworks;
			sourceTree = "<group>";
		};
		A67D3D5615126D5C00391EE5 /* IHPlus */ = {
			isa = PBXGroup;
			children = (
				A60BBAB615487BE6005E8EF0 /* Util */,
				A6D9665C1540B24C00255CC3 /* Delegates */,
				A687B46D151A486A004F08B0 /* Resources */,
				A6EDACDC1513E837000AFB60 /* Models */,
				A67D3D7A1513984600391EE5 /* ViewControllers */,
				A67D3D5F15126D5C00391EE5 /* AppDelegate.h */,
				A67D3D6015126D5C00391EE5 /* AppDelegate.m */,
				A67D3D6215126D5C00391EE5 /* MainStoryboard_iPhone.storyboard */,
				A67D3D6515126D5C00391EE5 /* MainStoryboard_iPad.storyboard */,
				A67D3D5715126D5C00391EE5 /* Supporting Files */,
				A67D3D891513AD8E00391EE5 /* SearchTableViewCell.h */,
				A67D3D8A1513AD8E00391EE5 /* SearchTableViewCell.m */,
				E1C0D522152DC7C0009A1F8D /* VistaCellPhoto.h */,
				E1C0D523152DC7C0009A1F8D /* VistaCellPhoto.m */,
				E1C0D525152DC970009A1F8D /* VistaCell.h */,
				E1C0D526152DC970009A1F8D /* VistaCell.m */,
				A627BA84152DF6CA0056A670 /* VistaCellNote.h */,
				A627BA85152DF6CA0056A670 /* VistaCellNote.m */,
			);
			path = IHPlus;
			sourceTree = "<group>";
		};
		A67D3D5715126D5C00391EE5 /* Supporting Files */ = {
			isa = PBXGroup;
			children = (
				A63CAB731561A2BA00B40F30 /* companion_actions.plist */,
				A63CAB711561A0DB00B40F30 /* vista_actions.plist */,
				A67D3D5815126D5C00391EE5 /* IHPlus-Info.plist */,
				A67D3D5915126D5C00391EE5 /* InfoPlist.strings */,
				A67D3D5C15126D5C00391EE5 /* main.m */,
				A67D3D5E15126D5C00391EE5 /* IHPlus-Prefix.pch */,
			);
			name = "Supporting Files";
			sourceTree = "<group>";
		};
		A67D3D7A1513984600391EE5 /* ViewControllers */ = {
			isa = PBXGroup;
			children = (
				A6EEC01B15503C7F0060641E /* CreditsViewController.h */,
				A6EEC01A15503C7F0060641E /* CreditsViewController.m */,
				A60BBAB015484793005E8EF0 /* MainMapViewController.h */,
				A60BBAB115484793005E8EF0 /* MainMapViewController.m */,
				A64C9414152E4CED0090BD0D /* MapViewController.h */,
				A6984D9B152F6EF7005934C4 /* MapViewController.m */,
				A60BBAAB1545FA3B005E8EF0 /* CompanionMapViewController.h */,
				A60BBAAC1545FA3B005E8EF0 /* CompanionMapViewController.m */,
				A64C940E152E4CED0090BD0D /* HikeDetailsViewController.h */,
				A64C940C152E4CED0090BD0D /* HikeDetailsViewController.m */,
				A64C9413152E4CED0090BD0D /* SearchViewController.h */,
				A6984DA1152F74EE005934C4 /* SearchViewController.m */,
				A64C9412152E4CED0090BD0D /* SearchResultsController.h */,
				A64C9410152E4CED0090BD0D /* SearchResultsController.m */,
				A6D966311534D18F00255CC3 /* NoteModalController.h */,
				A6D966321534D18F00255CC3 /* NoteModalController.m */,
				A6D9663E1535EE5400255CC3 /* TextModalController.h */,
				A6D9663F1535EE5500255CC3 /* TextModalController.m */,
				A6D9664F1538C65300255CC3 /* UploadHikeController.h */,
				A6D966501538C65400255CC3 /* UploadHikeController.m */,
			);
			name = ViewControllers;
			sourceTree = "<group>";
		};
		A687B46D151A486A004F08B0 /* Resources */ = {
			isa = PBXGroup;
			children = (
				E12350B7156FDEBA0006DF2F /* companion_search_result_img.png */,
				E12350B8156FDEBA0006DF2F /* companion_search_result_img@2x.png */,
				E12350B9156FDEBA0006DF2F /* standard_search_result_img.png */,
				E12350BA156FDEBA0006DF2F /* standard_search_result_img@2x.png */,
				E12350B5156E5B2A0006DF2F /* scenic_vista_point@2x.png */,
				E12350B3156D14340006DF2F /* scenic_vista_point.png */,
				E1C994AF15695A3300653B98 /* black_gradient@2x.png */,
				E1C994B015695A3300653B98 /* hike_it_btn@2x.png */,
				E1C994B115695A3300653B98 /* view_it_btn@2x.png */,
				E1C994B215695A3300653B98 /* your_location_btn@2x.png */,
				A63CAB6D155C530C00B40F30 /* about_screen_bkg_img@2x.png */,
				A63CAB6E155C530C00B40F30 /* about_screen_bkg_img.png */,
				A63CAB6B1559C9E100B40F30 /* icon@2x.png */,
				A63CAB681559C9AE00B40F30 /* icon.png */,
				A6EEBFF115503C340060641E /* Default@2x.png */,
				A6EEBFF215503C340060641E /* Default.png */,
				A6EEBFF315503C340060641E /* go_btn@2x.png */,
				A6EEBFF415503C340060641E /* add_vista_btn@2x.png */,
				A6EEBFF515503C340060641E /* add_vista_btn.png */,
				A6EEBFF615503C340060641E /* go_btn.png */,
				A6EEBFF815503C340060641E /* your_location_btn.png */,
				A6C7A62B154B08A100EBB216 /* titlebar_logo@2x.png */,
				A6C7A62C154B08A100EBB216 /* x-species_btn@2x.png */,
				A6C7A62D154B08A100EBB216 /* search_hike_btn@2x.png */,
				A6C7A62E154B08A100EBB216 /* create_hike_btn@2x.png */,
				A6C7A62F154B08A100EBB216 /* x-species_on_btn@2x.png */,
				A6C7A630154B08A100EBB216 /* search_hike_on_btn@2x.png */,
				A6C7A631154B08A100EBB216 /* create_hike_on_btn@2x.png */,
				A6C7A632154B08A100EBB216 /* x-species_btn.png */,
				A6C7A633154B08A100EBB216 /* x-species_on_btn.png */,
				A627BAB5152E4BE70056A670 /* search_hike_btn.png */,
				A627BABB152E4BF00056A670 /* search_hike_on_btn.png */,
				A627BAB6152E4BE80056A670 /* create_hike_btn.png */,
				A627BABC152E4BF10056A670 /* create_hike_on_btn.png */,
				A627BAAD152E4BC80056A670 /* black_gradient.png */,
				A6AB117B1526603A0002D9EE /* view_it_btn.png */,
				A6AB117415265FB10002D9EE /* hike_it_btn.png */,
				A6AB117615265FB20002D9EE /* titlebar_logo.png */,
			);
			name = Resources;
			sourceTree = "<group>";
		};
		A6D9665C1540B24C00255CC3 /* Delegates */ = {
			isa = PBXGroup;
			children = (
				A6EEC00C15503C500060641E /* GetDirectionsDelegate.h */,
				A6EEC00515503C500060641E /* GetDirectionsDelegate.m */,
				A6EEC00A15503C500060641E /* RewalkHikeDelegate.h */,
				A6EEC00615503C500060641E /* RewalkHikeDelegate.m */,
				A6EEC00B15503C500060641E /* UploadHikeDelegate.h */,
				A6EEC00715503C500060641E /* UploadHikeDelegate.m */,
				A6EEC00915503C500060641E /* VistaActionsDelegate.h */,
				A6EEC00815503C500060641E /* VistaActionsDelegate.m */,
			);
			name = Delegates;
			sourceTree = "<group>";
		};
		A6EDACDC1513E837000AFB60 /* Models */ = {
			isa = PBXGroup;
			children = (
				A64C9405152E4CCA0090BD0D /* ScenicVista.h */,
				A64C9404152E4CCA0090BD0D /* ScenicVista.m */,
				A64C9407152E4CCA0090BD0D /* Hike.h */,
				A64C9406152E4CCA0090BD0D /* Hike.m */,
			);
			name = Models;
			sourceTree = "<group>";
		};
/* End PBXGroup section */

/* Begin PBXNativeTarget section */
		A67D3D4B15126D5C00391EE5 /* IHPlus */ = {
			isa = PBXNativeTarget;
			buildConfigurationList = A67D3D6D15126D5C00391EE5 /* Build configuration list for PBXNativeTarget "IHPlus" */;
			buildPhases = (
				A67D3D4815126D5C00391EE5 /* Sources */,
				A67D3D4915126D5C00391EE5 /* Frameworks */,
				A67D3D4A15126D5C00391EE5 /* Resources */,
			);
			buildRules = (
			);
			dependencies = (
			);
			name = IHPlus;
			productName = IHPlus;
			productReference = A67D3D4C15126D5C00391EE5 /* IHPlus.app */;
			productType = "com.apple.product-type.application";
		};
/* End PBXNativeTarget section */

/* Begin PBXProject section */
		A67D3D4315126D5C00391EE5 /* Project object */ = {
			isa = PBXProject;
			attributes = {
				LastUpgradeCheck = 0430;
			};
			buildConfigurationList = A67D3D4615126D5C00391EE5 /* Build configuration list for PBXProject "IHPlus" */;
			compatibilityVersion = "Xcode 3.2";
			developmentRegion = English;
			hasScannedForEncodings = 0;
			knownRegions = (
				en,
			);
			mainGroup = A67D3D4115126D5C00391EE5;
			productRefGroup = A67D3D4D15126D5C00391EE5 /* Products */;
			projectDirPath = "";
			projectRoot = "";
			targets = (
				A67D3D4B15126D5C00391EE5 /* IHPlus */,
			);
		};
/* End PBXProject section */

/* Begin PBXResourcesBuildPhase section */
		A67D3D4A15126D5C00391EE5 /* Resources */ = {
			isa = PBXResourcesBuildPhase;
			buildActionMask = 2147483647;
			files = (
				A67D3D5B15126D5C00391EE5 /* InfoPlist.strings in Resources */,
				A67D3D6415126D5C00391EE5 /* MainStoryboard_iPhone.storyboard in Resources */,
				A67D3D6715126D5C00391EE5 /* MainStoryboard_iPad.storyboard in Resources */,
				A6AB117815265FB20002D9EE /* hike_it_btn.png in Resources */,
				A6AB117A15265FB20002D9EE /* titlebar_logo.png in Resources */,
				A6AB117C1526603A0002D9EE /* view_it_btn.png in Resources */,
				A627BAB0152E4BCB0056A670 /* black_gradient.png in Resources */,
				A627BAB9152E4BE90056A670 /* search_hike_btn.png in Resources */,
				A627BABA152E4BE90056A670 /* create_hike_btn.png in Resources */,
				A627BABD152E4BF20056A670 /* search_hike_on_btn.png in Resources */,
				A627BABE152E4BF20056A670 /* create_hike_on_btn.png in Resources */,
				A60BBAAF15473F83005E8EF0 /* point.gpx in Resources */,
				A6C7A634154B08A100EBB216 /* titlebar_logo@2x.png in Resources */,
				A6C7A635154B08A100EBB216 /* x-species_btn@2x.png in Resources */,
				A6C7A636154B08A100EBB216 /* search_hike_btn@2x.png in Resources */,
				A6C7A637154B08A100EBB216 /* create_hike_btn@2x.png in Resources */,
				A6C7A638154B08A100EBB216 /* x-species_on_btn@2x.png in Resources */,
				A6C7A639154B08A100EBB216 /* search_hike_on_btn@2x.png in Resources */,
				A6C7A63A154B08A100EBB216 /* create_hike_on_btn@2x.png in Resources */,
				A6C7A63B154B08A100EBB216 /* x-species_btn.png in Resources */,
				A6C7A63C154B08A100EBB216 /* x-species_on_btn.png in Resources */,
				A6EEBFF915503C340060641E /* Default@2x.png in Resources */,
				A6EEBFFA15503C340060641E /* Default.png in Resources */,
				A6EEBFFB15503C340060641E /* go_btn@2x.png in Resources */,
				A6EEBFFC15503C340060641E /* add_vista_btn@2x.png in Resources */,
				A6EEBFFD15503C340060641E /* add_vista_btn.png in Resources */,
				A6EEBFFE15503C340060641E /* go_btn.png in Resources */,
				A6EEC00015503C340060641E /* your_location_btn.png in Resources */,
				A63CAB691559C9AE00B40F30 /* icon.png in Resources */,
				A63CAB6C1559C9E100B40F30 /* icon@2x.png in Resources */,
				A63CAB6F155C530C00B40F30 /* about_screen_bkg_img@2x.png in Resources */,
				A63CAB70155C530C00B40F30 /* about_screen_bkg_img.png in Resources */,
				A63CAB721561A0DB00B40F30 /* vista_actions.plist in Resources */,
				A63CAB741561A2BA00B40F30 /* companion_actions.plist in Resources */,
				E1C994B315695A3300653B98 /* black_gradient@2x.png in Resources */,
				E1C994B415695A3300653B98 /* hike_it_btn@2x.png in Resources */,
				E1C994B515695A3300653B98 /* view_it_btn@2x.png in Resources */,
				E1C994B615695A3300653B98 /* your_location_btn@2x.png in Resources */,
				E12350B4156D14340006DF2F /* scenic_vista_point.png in Resources */,
				E12350B6156E5B2A0006DF2F /* scenic_vista_point@2x.png in Resources */,
				E12350BB156FDEBA0006DF2F /* companion_search_result_img.png in Resources */,
				E12350BC156FDEBA0006DF2F /* companion_search_result_img@2x.png in Resources */,
				E12350BD156FDEBA0006DF2F /* standard_search_result_img.png in Resources */,
				E12350BE156FDEBA0006DF2F /* standard_search_result_img@2x.png in Resources */,
			);
			runOnlyForDeploymentPostprocessing = 0;
		};
/* End PBXResourcesBuildPhase section */

/* Begin PBXSourcesBuildPhase section */
		A67D3D4815126D5C00391EE5 /* Sources */ = {
			isa = PBXSourcesBuildPhase;
			buildActionMask = 2147483647;
			files = (
				A67D3D5D15126D5C00391EE5 /* main.m in Sources */,
				A67D3D6115126D5C00391EE5 /* AppDelegate.m in Sources */,
				A67D3D8B1513AD8E00391EE5 /* SearchTableViewCell.m in Sources */,
				E1C0D524152DC7C0009A1F8D /* VistaCellPhoto.m in Sources */,
				E1C0D527152DC970009A1F8D /* VistaCell.m in Sources */,
				A627BA86152DF6CA0056A670 /* VistaCellNote.m in Sources */,
				A64C9408152E4CCA0090BD0D /* ScenicVista.m in Sources */,
				A64C9409152E4CCA0090BD0D /* Hike.m in Sources */,
				A6984D9A152F6EF7005934C4 /* MapViewController.m in Sources */,
				A64C941A152E4CED0090BD0D /* HikeDetailsViewController.m in Sources */,
				A6984DA0152F74EE005934C4 /* SearchViewController.m in Sources */,
				A64C941D152E4CED0090BD0D /* SearchResultsController.m in Sources */,
				A6D966331534D18F00255CC3 /* NoteModalController.m in Sources */,
				A6D966401535EE5500255CC3 /* TextModalController.m in Sources */,
				A6D966511538C65400255CC3 /* UploadHikeController.m in Sources */,
				A60BBAAD1545FA3B005E8EF0 /* CompanionMapViewController.m in Sources */,
				A60BBAB215484793005E8EF0 /* MainMapViewController.m in Sources */,
				A6EEC00D15503C500060641E /* GetDirectionsDelegate.m in Sources */,
				A6EEC00E15503C500060641E /* RewalkHikeDelegate.m in Sources */,
				A6EEC00F15503C500060641E /* UploadHikeDelegate.m in Sources */,
				A6EEC01015503C500060641E /* VistaActionsDelegate.m in Sources */,
				A6EEC01715503C670060641E /* Constants.m in Sources */,
				A6EEC01815503C670060641E /* Toast+UIView.m in Sources */,
				A6EEC01915503C670060641E /* ImageLoader.m in Sources */,
				A6EEC01C15503C7F0060641E /* CreditsViewController.m in Sources */,
			);
			runOnlyForDeploymentPostprocessing = 0;
		};
/* End PBXSourcesBuildPhase section */

/* Begin PBXVariantGroup section */
		A67D3D5915126D5C00391EE5 /* InfoPlist.strings */ = {
			isa = PBXVariantGroup;
			children = (
				A67D3D5A15126D5C00391EE5 /* en */,
			);
			name = InfoPlist.strings;
			sourceTree = "<group>";
		};
		A67D3D6215126D5C00391EE5 /* MainStoryboard_iPhone.storyboard */ = {
			isa = PBXVariantGroup;
			children = (
				A67D3D6315126D5C00391EE5 /* en */,
			);
			name = MainStoryboard_iPhone.storyboard;
			sourceTree = "<group>";
		};
		A67D3D6515126D5C00391EE5 /* MainStoryboard_iPad.storyboard */ = {
			isa = PBXVariantGroup;
			children = (
				A67D3D6615126D5C00391EE5 /* en */,
			);
			name = MainStoryboard_iPad.storyboard;
			sourceTree = "<group>";
		};
/* End PBXVariantGroup section */

/* Begin XCBuildConfiguration section */
		A67D3D6B15126D5C00391EE5 /* Debug */ = {
			isa = XCBuildConfiguration;
			buildSettings = {
				ALWAYS_SEARCH_USER_PATHS = NO;
				ARCHS = "$(ARCHS_STANDARD_32_BIT)";
				CLANG_ENABLE_OBJC_ARC = YES;
				"CODE_SIGN_IDENTITY[sdk=iphoneos*]" = "iPhone Developer";
				COPY_PHASE_STRIP = NO;
				GCC_C_LANGUAGE_STANDARD = gnu99;
				GCC_DYNAMIC_NO_PIC = NO;
				GCC_OPTIMIZATION_LEVEL = 0;
				GCC_PREPROCESSOR_DEFINITIONS = (
					"DEBUG=1",
					"$(inherited)",
				);
				GCC_SYMBOLS_PRIVATE_EXTERN = NO;
				GCC_VERSION = com.apple.compilers.llvm.clang.1_0;
				GCC_WARN_ABOUT_MISSING_PROTOTYPES = YES;
				GCC_WARN_ABOUT_RETURN_TYPE = YES;
				GCC_WARN_UNUSED_VARIABLE = YES;
				IPHONEOS_DEPLOYMENT_TARGET = 5.0;
				SDKROOT = iphoneos;
				TARGETED_DEVICE_FAMILY = "1,2";
			};
			name = Debug;
		};
		A67D3D6C15126D5C00391EE5 /* Release */ = {
			isa = XCBuildConfiguration;
			buildSettings = {
				ALWAYS_SEARCH_USER_PATHS = NO;
				ARCHS = "$(ARCHS_STANDARD_32_BIT)";
				CLANG_ENABLE_OBJC_ARC = YES;
				"CODE_SIGN_IDENTITY[sdk=iphoneos*]" = "iPhone Developer";
				COPY_PHASE_STRIP = YES;
				GCC_C_LANGUAGE_STANDARD = gnu99;
				GCC_VERSION = com.apple.compilers.llvm.clang.1_0;
				GCC_WARN_ABOUT_MISSING_PROTOTYPES = YES;
				GCC_WARN_ABOUT_RETURN_TYPE = YES;
				GCC_WARN_UNUSED_VARIABLE = YES;
				IPHONEOS_DEPLOYMENT_TARGET = 5.0;
				OTHER_CFLAGS = "-DNS_BLOCK_ASSERTIONS=1";
				SDKROOT = iphoneos;
				TARGETED_DEVICE_FAMILY = "1,2";
				VALIDATE_PRODUCT = YES;
			};
			name = Release;
		};
		A67D3D6E15126D5C00391EE5 /* Debug */ = {
			isa = XCBuildConfiguration;
			buildSettings = {
				FRAMEWORK_SEARCH_PATHS = (
					"$(inherited)",
					"\"$(SRCROOT)\"",
					"\"$(SRCROOT)/../../../../Downloads\"",
					"\"$(SRCROOT)/IHPlus\"",
				);
				GCC_PRECOMPILE_PREFIX_HEADER = YES;
				GCC_PREFIX_HEADER = "IHPlus/IHPlus-Prefix.pch";
				INFOPLIST_FILE = "IHPlus/IHPlus-Info.plist";
				IPHONEOS_DEPLOYMENT_TARGET = 5.0;
				LIBRARY_SEARCH_PATHS = "$(inherited)";
				ONLY_ACTIVE_ARCH = NO;
				PRODUCT_NAME = "$(TARGET_NAME)";
				WRAPPER_EXTENSION = app;
			};
			name = Debug;
		};
		A67D3D6F15126D5C00391EE5 /* Release */ = {
			isa = XCBuildConfiguration;
			buildSettings = {
				COPY_PHASE_STRIP = NO;
				FRAMEWORK_SEARCH_PATHS = (
					"$(inherited)",
					"\"$(SRCROOT)\"",
					"\"$(SRCROOT)/../../../../Downloads\"",
					"\"$(SRCROOT)/IHPlus\"",
				);
				GCC_PRECOMPILE_PREFIX_HEADER = YES;
				GCC_PREFIX_HEADER = "IHPlus/IHPlus-Prefix.pch";
				INFOPLIST_FILE = "IHPlus/IHPlus-Info.plist";
				IPHONEOS_DEPLOYMENT_TARGET = 5.0;
				LIBRARY_SEARCH_PATHS = "$(inherited)";
				ONLY_ACTIVE_ARCH = NO;
				PRODUCT_NAME = "$(TARGET_NAME)";
				SKIP_INSTALL = NO;
				WRAPPER_EXTENSION = app;
			};
			name = Release;
		};
/* End XCBuildConfiguration section */

/* Begin XCConfigurationList section */
		A67D3D4615126D5C00391EE5 /* Build configuration list for PBXProject "IHPlus" */ = {
			isa = XCConfigurationList;
			buildConfigurations = (
				A67D3D6B15126D5C00391EE5 /* Debug */,
				A67D3D6C15126D5C00391EE5 /* Release */,
			);
			defaultConfigurationIsVisible = 0;
			defaultConfigurationName = Release;
		};
		A67D3D6D15126D5C00391EE5 /* Build configuration list for PBXNativeTarget "IHPlus" */ = {
			isa = XCConfigurationList;
			buildConfigurations = (
				A67D3D6E15126D5C00391EE5 /* Debug */,
				A67D3D6F15126D5C00391EE5 /* Release */,
			);
			defaultConfigurationIsVisible = 0;
			defaultConfigurationName = Release;
		};
/* End XCConfigurationList section */
	};
	rootObject = A67D3D4315126D5C00391EE5 /* Project object */;
}
